// !$*UTF8*$!
{
	archiveVersion = 1;
	classes = {
	};
	objectVersion = 46;
	objects = {

/* Begin PBXBuildFile section */
		2DDE4B2888DC52D879CF9FC5 /* Pods_Gister.framework in Frameworks */ = {isa = PBXBuildFile; fileRef = 1A8E76B3B9EFBF73A484C8C4 /* Pods_Gister.framework */; };
		CBB6B04253C841DDD74BF697 /* TCAppDelegate.m in Sources */ = {isa = PBXBuildFile; fileRef = CBB6B1CE4189F18EC9399B9F /* TCAppDelegate.m */; };
		CBB6B0F1CEDE2FDCEE36F27E /* NSDictionary+TCParseURL.m in Sources */ = {isa = PBXBuildFile; fileRef = CBB6B532197DA15225FFBF8F /* NSDictionary+TCParseURL.m */; };
		CBB6B14BD16FFD3E99B07697 /* TCGeneralProfileInfoView.m in Sources */ = {isa = PBXBuildFile; fileRef = CBB6B6BAEF05FCF4EA940ACB /* TCGeneralProfileInfoView.m */; };
		CBB6B218DC7BC96FF0CC4743 /* TCUserTableCell.m in Sources */ = {isa = PBXBuildFile; fileRef = CBB6B5D966DF824D63FF79B3 /* TCUserTableCell.m */; };
		CBB6B233E3CA5B5DBE001D88 /* TCViewController.m in Sources */ = {isa = PBXBuildFile; fileRef = CBB6BAAEBFA7FA86BD803847 /* TCViewController.m */; };
		CBB6B245D77B2F5B664CE0DD /* NSObject+TCDoWith.m in Sources */ = {isa = PBXBuildFile; fileRef = CBB6B622E80A6C30A3AF3FAB /* NSObject+TCDoWith.m */; };
		CBB6B2701E65A30FFE137BF7 /* TCPublicGistsListViewController.m in Sources */ = {isa = PBXBuildFile; fileRef = CBB6B06C59AFDA4D165341C5 /* TCPublicGistsListViewController.m */; };
		CBB6B29DA64F42E2DD9547F8 /* TCUserFileContentView.m in Sources */ = {isa = PBXBuildFile; fileRef = CBB6B35FC8A519D5CEE3644C /* TCUserFileContentView.m */; };
		CBB6B2A8D73AAB416C9D4B65 /* TCServerManager.m in Sources */ = {isa = PBXBuildFile; fileRef = CBB6BF0EA8825F3CD942F6F5 /* TCServerManager.m */; };
		CBB6B31CD3E04EE782166DD2 /* TCFilesListView.m in Sources */ = {isa = PBXBuildFile; fileRef = CBB6BFBF0CD711241A9533F0 /* TCFilesListView.m */; };
		CBB6B33204C61A71D3F5F4D8 /* NSDictionary+DictionaryWithoutNSNull.m in Sources */ = {isa = PBXBuildFile; fileRef = CBB6B4C51590CCDAF2F9A10D /* NSDictionary+DictionaryWithoutNSNull.m */; };
		CBB6B351E856B7A3EA57E970 /* TCPublicFileContentView.m in Sources */ = {isa = PBXBuildFile; fileRef = CBB6BC26C90DD0DEE76B6C0C /* TCPublicFileContentView.m */; };
		CBB6B3BEE8AE40C0DEB6A4E3 /* TCUsersGistsListViewController.m in Sources */ = {isa = PBXBuildFile; fileRef = CBB6B3FD5FD36D28B91537FF /* TCUsersGistsListViewController.m */; };
		CBB6B44A6A0C9A33332C4B8E /* UIViewController+ShowError.m in Sources */ = {isa = PBXBuildFile; fileRef = CBB6B241006E7D0CF465C0D1 /* UIViewController+ShowError.m */; };
		CBB6B599B76B91D7DF458764 /* main.m in Sources */ = {isa = PBXBuildFile; fileRef = CBB6B6AAFF61504861ACB241 /* main.m */; };
		CBB6B636D7D6D1A69B64CC64 /* TCAuthenticationScreenView.m in Sources */ = {isa = PBXBuildFile; fileRef = CBB6BE2E1182087D0C45BB11 /* TCAuthenticationScreenView.m */; };
		CBB6B6746E92B957A30B60AD /* TCUserFileContentViewController.m in Sources */ = {isa = PBXBuildFile; fileRef = CBB6B2001BFC554B5D3F6658 /* TCUserFileContentViewController.m */; };
		CBB6B68CDA7AC49E35D217B1 /* TCDraggableView.m in Sources */ = {isa = PBXBuildFile; fileRef = CBB6B6EE96EEB7E0B173B966 /* TCDraggableView.m */; };
		CBB6B70E9CB51482A3AC52A2 /* TCTableViewContainer.m in Sources */ = {isa = PBXBuildFile; fileRef = CBB6B1BD53769B8661EF2755 /* TCTableViewContainer.m */; };
		CBB6B750F496EBEB0B5ACD24 /* TCUser.m in Sources */ = {isa = PBXBuildFile; fileRef = CBB6BC505070CE2101319C20 /* TCUser.m */; };
		CBB6B7B50ADE4E7CD21BA91B /* TCViewWithUserTable.m in Sources */ = {isa = PBXBuildFile; fileRef = CBB6B73ED6785BEEEDDAFAB0 /* TCViewWithUserTable.m */; };
		CBB6B7E540B141315CA021FE /* TCServer.m in Sources */ = {isa = PBXBuildFile; fileRef = CBB6BF501433E3C73A9C5732 /* TCServer.m */; };
		CBB6B7F1B938E3B0A0F51D09 /* TCAuthenticationScreenViewController.m in Sources */ = {isa = PBXBuildFile; fileRef = CBB6BCC1E2218F66CBAD90AC /* TCAuthenticationScreenViewController.m */; };
		CBB6B8BA7A756F6327EB7CD5 /* UIView+TCTapAction.m in Sources */ = {isa = PBXBuildFile; fileRef = CBB6B63FF72771DD4BC126C9 /* UIView+TCTapAction.m */; };
		CBB6B909DADEB57DF46511F5 /* TCFilesListViewController.m in Sources */ = {isa = PBXBuildFile; fileRef = CBB6B490B0B2B4797D81B022 /* TCFilesListViewController.m */; };
		CBB6B9268F0626767911D7ED /* TCScrollViewContainer.m in Sources */ = {isa = PBXBuildFile; fileRef = CBB6B3C0E96E8241B7A468FC /* TCScrollViewContainer.m */; };
		CBB6B94EE3D808689408A1B2 /* TCGithubAuthenticationViewController.m in Sources */ = {isa = PBXBuildFile; fileRef = CBB6B2BFA52A1C55E1A269F4 /* TCGithubAuthenticationViewController.m */; };
		CBB6B97DA4604D5A7D1463F5 /* NSDate+TCDateString.m in Sources */ = {isa = PBXBuildFile; fileRef = CBB6BE5337F34CD13A385374 /* NSDate+TCDateString.m */; };
		CBB6B9C31A4082617C141CE6 /* TCGistsListView.m in Sources */ = {isa = PBXBuildFile; fileRef = CBB6B9518FE3DE0B5111DECD /* TCGistsListView.m */; };
		CBB6B9F007B71C7460594A7D /* TCGistTableCell.m in Sources */ = {isa = PBXBuildFile; fileRef = CBB6B885DD16AE63DACE2DDD /* TCGistTableCell.m */; };
		CBB6BA1ABCF01902EE9CFAEE /* UIScrollView+scrollingEnabled.m in Sources */ = {isa = PBXBuildFile; fileRef = CBB6BC5B762B6EC667EDF3F7 /* UIScrollView+scrollingEnabled.m */; };
		CBB6BA54F4B990D3067C5484 /* TCPublicFileContentViewController.m in Sources */ = {isa = PBXBuildFile; fileRef = CBB6BB48483F85D2295427E6 /* TCPublicFileContentViewController.m */; };
		CBB6BBA15D928753AC265AFE /* Assets.xcassets in Resources */ = {isa = PBXBuildFile; fileRef = CBB6BF7998BEF69FBD579376 /* Assets.xcassets */; };
		CBB6BBEC52F0F4BCE3E6217B /* TCImageView.m in Sources */ = {isa = PBXBuildFile; fileRef = CBB6B38D314196211EB13A67 /* TCImageView.m */; };
		CBB6BC497AB57B1F0F3EDE12 /* TCGithubAuthenticationView.m in Sources */ = {isa = PBXBuildFile; fileRef = CBB6BFFF48BB2272E11D2B63 /* TCGithubAuthenticationView.m */; };
		CBB6BC88145E13C5A98B8233 /* TCProfileScreenViewController.m in Sources */ = {isa = PBXBuildFile; fileRef = CBB6B72FE83654B7E90000BF /* TCProfileScreenViewController.m */; };
		CBB6BE4D880472FE6FC25DED /* TCProfileScreenView.m in Sources */ = {isa = PBXBuildFile; fileRef = CBB6BA813361314EEC7462F7 /* TCProfileScreenView.m */; };
		CBB6BE8C812ED806CA2F3C09 /* TCGist.m in Sources */ = {isa = PBXBuildFile; fileRef = CBB6BD4D12057A996BC7E2A9 /* TCGist.m */; };
		CBB6BE8D33E9F79A556F13EC /* TCTableViewController.m in Sources */ = {isa = PBXBuildFile; fileRef = CBB6BB2DA269B8AD2D9E793C /* TCTableViewController.m */; };
		CBB6BE918573896DE97552FA /* TCFile.m in Sources */ = {isa = PBXBuildFile; fileRef = CBB6B79F4C515CF5BD1681E9 /* TCFile.m */; };
		CBB6BEAECE65801CFE084327 /* TCButton.m in Sources */ = {isa = PBXBuildFile; fileRef = CBB6B8793281484146DE7127 /* TCButton.m */; };
		CBB6BEFC507AEFE843E3E3EC /* LaunchScreen.storyboard in Resources */ = {isa = PBXBuildFile; fileRef = CBB6B41F012FFC32B65CE057 /* LaunchScreen.storyboard */; };
/* End PBXBuildFile section */

/* Begin PBXFileReference section */
		076931D81D18575000D24A35 /* Gister.app */ = {isa = PBXFileReference; explicitFileType = wrapper.application; includeInIndex = 0; path = Gister.app; sourceTree = BUILT_PRODUCTS_DIR; };
		1A8E76B3B9EFBF73A484C8C4 /* Pods_Gister.framework */ = {isa = PBXFileReference; explicitFileType = wrapper.framework; includeInIndex = 0; path = Pods_Gister.framework; sourceTree = BUILT_PRODUCTS_DIR; };
		210C68684CC01E81EE07FBEE /* Pods-Gister.release.xcconfig */ = {isa = PBXFileReference; includeInIndex = 1; lastKnownFileType = text.xcconfig; name = "Pods-Gister.release.xcconfig"; path = "Pods/Target Support Files/Pods-Gister/Pods-Gister.release.xcconfig"; sourceTree = "<group>"; };
		41594FA01906A40B2CF127EE /* Pods-Gister.debug.xcconfig */ = {isa = PBXFileReference; includeInIndex = 1; lastKnownFileType = text.xcconfig; name = "Pods-Gister.debug.xcconfig"; path = "Pods/Target Support Files/Pods-Gister/Pods-Gister.debug.xcconfig"; sourceTree = "<group>"; };
		CBB6B06C59AFDA4D165341C5 /* TCPublicGistsListViewController.m */ = {isa = PBXFileReference; fileEncoding = 4; lastKnownFileType = sourcecode.c.objc; path = TCPublicGistsListViewController.m; sourceTree = "<group>"; };
		CBB6B0C0CF05F778AC6FEE80 /* TCProfileScreenViewController.h */ = {isa = PBXFileReference; fileEncoding = 4; lastKnownFileType = sourcecode.c.h; path = TCProfileScreenViewController.h; sourceTree = "<group>"; };
		CBB6B1BD53769B8661EF2755 /* TCTableViewContainer.m */ = {isa = PBXFileReference; fileEncoding = 4; lastKnownFileType = sourcecode.c.objc; path = TCTableViewContainer.m; sourceTree = "<group>"; };
		CBB6B1CE4189F18EC9399B9F /* TCAppDelegate.m */ = {isa = PBXFileReference; fileEncoding = 4; lastKnownFileType = sourcecode.c.objc; path = TCAppDelegate.m; sourceTree = "<group>"; };
		CBB6B2001BFC554B5D3F6658 /* TCUserFileContentViewController.m */ = {isa = PBXFileReference; fileEncoding = 4; lastKnownFileType = sourcecode.c.objc; path = TCUserFileContentViewController.m; sourceTree = "<group>"; };
		CBB6B241006E7D0CF465C0D1 /* UIViewController+ShowError.m */ = {isa = PBXFileReference; fileEncoding = 4; lastKnownFileType = sourcecode.c.objc; path = "UIViewController+ShowError.m"; sourceTree = "<group>"; };
		CBB6B2A03ED0FEA38A3A6287 /* NSDate+TCDateString.h */ = {isa = PBXFileReference; fileEncoding = 4; lastKnownFileType = sourcecode.c.h; path = "NSDate+TCDateString.h"; sourceTree = "<group>"; };
		CBB6B2BFA52A1C55E1A269F4 /* TCGithubAuthenticationViewController.m */ = {isa = PBXFileReference; fileEncoding = 4; lastKnownFileType = sourcecode.c.objc; path = TCGithubAuthenticationViewController.m; sourceTree = "<group>"; };
		CBB6B2C4EEEEB38F3E4D548C /* TCTableViewContainer.h */ = {isa = PBXFileReference; fileEncoding = 4; lastKnownFileType = sourcecode.c.h; path = TCTableViewContainer.h; sourceTree = "<group>"; };
		CBB6B35FC8A519D5CEE3644C /* TCUserFileContentView.m */ = {isa = PBXFileReference; fileEncoding = 4; lastKnownFileType = sourcecode.c.objc; path = TCUserFileContentView.m; sourceTree = "<group>"; };
		CBB6B38D314196211EB13A67 /* TCImageView.m */ = {isa = PBXFileReference; fileEncoding = 4; lastKnownFileType = sourcecode.c.objc; path = TCImageView.m; sourceTree = "<group>"; };
		CBB6B3C0E96E8241B7A468FC /* TCScrollViewContainer.m */ = {isa = PBXFileReference; fileEncoding = 4; lastKnownFileType = sourcecode.c.objc; path = TCScrollViewContainer.m; sourceTree = "<group>"; };
		CBB6B3CA839868C4C03795DB /* TCGithubAuthenticationView.h */ = {isa = PBXFileReference; fileEncoding = 4; lastKnownFileType = sourcecode.c.h; path = TCGithubAuthenticationView.h; sourceTree = "<group>"; };
		CBB6B3FD5FD36D28B91537FF /* TCUsersGistsListViewController.m */ = {isa = PBXFileReference; fileEncoding = 4; lastKnownFileType = sourcecode.c.objc; path = TCUsersGistsListViewController.m; sourceTree = "<group>"; };
		CBB6B406466D533F1F1959F0 /* TCScrollViewContainer.h */ = {isa = PBXFileReference; fileEncoding = 4; lastKnownFileType = sourcecode.c.h; path = TCScrollViewContainer.h; sourceTree = "<group>"; };
		CBB6B4338AC94107F0F6155A /* TCAppDelegate.h */ = {isa = PBXFileReference; fileEncoding = 4; lastKnownFileType = sourcecode.c.h; path = TCAppDelegate.h; sourceTree = "<group>"; };
		CBB6B48783F3D1CCA764A5B9 /* TCServerManager.h */ = {isa = PBXFileReference; fileEncoding = 4; lastKnownFileType = sourcecode.c.h; path = TCServerManager.h; sourceTree = "<group>"; };
		CBB6B490B0B2B4797D81B022 /* TCFilesListViewController.m */ = {isa = PBXFileReference; fileEncoding = 4; lastKnownFileType = sourcecode.c.objc; path = TCFilesListViewController.m; sourceTree = "<group>"; };
		CBB6B495C7C2A193938AE44E /* TCViewController.h */ = {isa = PBXFileReference; fileEncoding = 4; lastKnownFileType = sourcecode.c.h; path = TCViewController.h; sourceTree = "<group>"; };
		CBB6B4BFB44368CBEE0055DF /* TCFilesListView.h */ = {isa = PBXFileReference; fileEncoding = 4; lastKnownFileType = sourcecode.c.h; path = TCFilesListView.h; sourceTree = "<group>"; };
		CBB6B4C51590CCDAF2F9A10D /* NSDictionary+DictionaryWithoutNSNull.m */ = {isa = PBXFileReference; fileEncoding = 4; lastKnownFileType = sourcecode.c.objc; path = "NSDictionary+DictionaryWithoutNSNull.m"; sourceTree = "<group>"; };
		CBB6B532197DA15225FFBF8F /* NSDictionary+TCParseURL.m */ = {isa = PBXFileReference; fileEncoding = 4; lastKnownFileType = sourcecode.c.objc; path = "NSDictionary+TCParseURL.m"; sourceTree = "<group>"; };
		CBB6B5495D9C7223DB8FA0A7 /* TCButton.h */ = {isa = PBXFileReference; fileEncoding = 4; lastKnownFileType = sourcecode.c.h; path = TCButton.h; sourceTree = "<group>"; };
		CBB6B575C1C53CC5FCCB6F9F /* TCDraggableView.h */ = {isa = PBXFileReference; fileEncoding = 4; lastKnownFileType = sourcecode.c.h; path = TCDraggableView.h; sourceTree = "<group>"; };
		CBB6B5D966DF824D63FF79B3 /* TCUserTableCell.m */ = {isa = PBXFileReference; fileEncoding = 4; lastKnownFileType = sourcecode.c.objc; path = TCUserTableCell.m; sourceTree = "<group>"; };
		CBB6B5E2E67A6F2E255CB4F4 /* TCProfileScreenViewDelegate.h */ = {isa = PBXFileReference; fileEncoding = 4; lastKnownFileType = sourcecode.c.h; path = TCProfileScreenViewDelegate.h; sourceTree = "<group>"; };
		CBB6B622E80A6C30A3AF3FAB /* NSObject+TCDoWith.m */ = {isa = PBXFileReference; fileEncoding = 4; lastKnownFileType = sourcecode.c.objc; path = "NSObject+TCDoWith.m"; sourceTree = "<group>"; };
		CBB6B62B7A11AE35AA4D186B /* TCAuthenticationScreenViewDelegate.h */ = {isa = PBXFileReference; fileEncoding = 4; lastKnownFileType = sourcecode.c.h; path = TCAuthenticationScreenViewDelegate.h; sourceTree = "<group>"; };
		CBB6B63FF72771DD4BC126C9 /* UIView+TCTapAction.m */ = {isa = PBXFileReference; fileEncoding = 4; lastKnownFileType = sourcecode.c.objc; path = "UIView+TCTapAction.m"; sourceTree = "<group>"; };
		CBB6B6640F098C329E7D8F17 /* TCGistsListViewDelegate.h */ = {isa = PBXFileReference; fileEncoding = 4; lastKnownFileType = sourcecode.c.h; path = TCGistsListViewDelegate.h; sourceTree = "<group>"; };
		CBB6B6AAFF61504861ACB241 /* main.m */ = {isa = PBXFileReference; fileEncoding = 4; lastKnownFileType = sourcecode.c.objc; path = main.m; sourceTree = "<group>"; };
		CBB6B6BAEF05FCF4EA940ACB /* TCGeneralProfileInfoView.m */ = {isa = PBXFileReference; fileEncoding = 4; lastKnownFileType = sourcecode.c.objc; path = TCGeneralProfileInfoView.m; sourceTree = "<group>"; };
		CBB6B6EE96EEB7E0B173B966 /* TCDraggableView.m */ = {isa = PBXFileReference; fileEncoding = 4; lastKnownFileType = sourcecode.c.objc; path = TCDraggableView.m; sourceTree = "<group>"; };
		CBB6B6F1A65878EDA75B20D3 /* TCUserFileContentViewController.h */ = {isa = PBXFileReference; fileEncoding = 4; lastKnownFileType = sourcecode.c.h; path = TCUserFileContentViewController.h; sourceTree = "<group>"; };
		CBB6B72FE83654B7E90000BF /* TCProfileScreenViewController.m */ = {isa = PBXFileReference; fileEncoding = 4; lastKnownFileType = sourcecode.c.objc; path = TCProfileScreenViewController.m; sourceTree = "<group>"; };
		CBB6B73B634C0FD1E20AD32C /* TCUserTableCell.h */ = {isa = PBXFileReference; fileEncoding = 4; lastKnownFileType = sourcecode.c.h; path = TCUserTableCell.h; sourceTree = "<group>"; };
		CBB6B73ED6785BEEEDDAFAB0 /* TCViewWithUserTable.m */ = {isa = PBXFileReference; fileEncoding = 4; lastKnownFileType = sourcecode.c.objc; path = TCViewWithUserTable.m; sourceTree = "<group>"; };
		CBB6B74D7C1BCC2E7E80CE8C /* Base */ = {isa = PBXFileReference; lastKnownFileType = file.storyboard; name = Base; path = Base.lproj/LaunchScreen.storyboard; sourceTree = "<group>"; };
		CBB6B79F4C515CF5BD1681E9 /* TCFile.m */ = {isa = PBXFileReference; fileEncoding = 4; lastKnownFileType = sourcecode.c.objc; path = TCFile.m; sourceTree = "<group>"; };
		CBB6B7B97FDB90CB792102E7 /* TCPublicGistsListViewController.h */ = {isa = PBXFileReference; fileEncoding = 4; lastKnownFileType = sourcecode.c.h; path = TCPublicGistsListViewController.h; sourceTree = "<group>"; };
		CBB6B8793281484146DE7127 /* TCButton.m */ = {isa = PBXFileReference; fileEncoding = 4; lastKnownFileType = sourcecode.c.objc; path = TCButton.m; sourceTree = "<group>"; };
		CBB6B885DD16AE63DACE2DDD /* TCGistTableCell.m */ = {isa = PBXFileReference; fileEncoding = 4; lastKnownFileType = sourcecode.c.objc; path = TCGistTableCell.m; sourceTree = "<group>"; };
		CBB6B8A1F9F04ADC18E1ADA7 /* TCServer.h */ = {isa = PBXFileReference; fileEncoding = 4; lastKnownFileType = sourcecode.c.h; path = TCServer.h; sourceTree = "<group>"; };
		CBB6B8ABFDA0C0D9508915D5 /* NSObject+TCDoWith.h */ = {isa = PBXFileReference; fileEncoding = 4; lastKnownFileType = sourcecode.c.h; path = "NSObject+TCDoWith.h"; sourceTree = "<group>"; };
		CBB6B9518FE3DE0B5111DECD /* TCGistsListView.m */ = {isa = PBXFileReference; fileEncoding = 4; lastKnownFileType = sourcecode.c.objc; path = TCGistsListView.m; sourceTree = "<group>"; };
		CBB6B99C7270DA0A9DBB8F4A /* TCFile.h */ = {isa = PBXFileReference; fileEncoding = 4; lastKnownFileType = sourcecode.c.h; path = TCFile.h; sourceTree = "<group>"; };
		CBB6B9A7E4661EFFF70EE382 /* TCAuthenticationScreenView.h */ = {isa = PBXFileReference; fileEncoding = 4; lastKnownFileType = sourcecode.c.h; path = TCAuthenticationScreenView.h; sourceTree = "<group>"; };
		CBB6B9E3CD4F341B79AA2EB9 /* UIViewController+ShowError.h */ = {isa = PBXFileReference; fileEncoding = 4; lastKnownFileType = sourcecode.c.h; path = "UIViewController+ShowError.h"; sourceTree = "<group>"; };
		CBB6BA47CB32BA719067424C /* NSDictionary+DictionaryWithoutNSNull.h */ = {isa = PBXFileReference; fileEncoding = 4; lastKnownFileType = sourcecode.c.h; path = "NSDictionary+DictionaryWithoutNSNull.h"; sourceTree = "<group>"; };
		CBB6BA5A1D1D6D9E32C6AC65 /* TCUserFileContentViewDelegate.h */ = {isa = PBXFileReference; fileEncoding = 4; lastKnownFileType = sourcecode.c.h; path = TCUserFileContentViewDelegate.h; sourceTree = "<group>"; };
		CBB6BA5A72EB9E6923C48DCE /* TCFilesListViewController.h */ = {isa = PBXFileReference; fileEncoding = 4; lastKnownFileType = sourcecode.c.h; path = TCFilesListViewController.h; sourceTree = "<group>"; };
		CBB6BA7CA1982036C904BF09 /* NSDictionary+TCParseURL.h */ = {isa = PBXFileReference; fileEncoding = 4; lastKnownFileType = sourcecode.c.h; path = "NSDictionary+TCParseURL.h"; sourceTree = "<group>"; };
		CBB6BA813361314EEC7462F7 /* TCProfileScreenView.m */ = {isa = PBXFileReference; fileEncoding = 4; lastKnownFileType = sourcecode.c.objc; path = TCProfileScreenView.m; sourceTree = "<group>"; };
		CBB6BAAEBFA7FA86BD803847 /* TCViewController.m */ = {isa = PBXFileReference; fileEncoding = 4; lastKnownFileType = sourcecode.c.objc; path = TCViewController.m; sourceTree = "<group>"; };
		CBB6BADC6B80FE58EF684345 /* TCUserFileContentView.h */ = {isa = PBXFileReference; fileEncoding = 4; lastKnownFileType = sourcecode.c.h; path = TCUserFileContentView.h; sourceTree = "<group>"; };
		CBB6BB160CDD2EC5A6F58D0F /* UIScrollView+scrollingEnabled.h */ = {isa = PBXFileReference; fileEncoding = 4; lastKnownFileType = sourcecode.c.h; path = "UIScrollView+scrollingEnabled.h"; sourceTree = "<group>"; };
		CBB6BB2DA269B8AD2D9E793C /* TCTableViewController.m */ = {isa = PBXFileReference; fileEncoding = 4; lastKnownFileType = sourcecode.c.objc; path = TCTableViewController.m; sourceTree = "<group>"; };
		CBB6BB3C64966005F8DA1B83 /* TCUsersGistsListViewController.h */ = {isa = PBXFileReference; fileEncoding = 4; lastKnownFileType = sourcecode.c.h; path = TCUsersGistsListViewController.h; sourceTree = "<group>"; };
		CBB6BB48483F85D2295427E6 /* TCPublicFileContentViewController.m */ = {isa = PBXFileReference; fileEncoding = 4; lastKnownFileType = sourcecode.c.objc; path = TCPublicFileContentViewController.m; sourceTree = "<group>"; };
		CBB6BBCD89EE1C4FC48052AF /* TCImageView.h */ = {isa = PBXFileReference; fileEncoding = 4; lastKnownFileType = sourcecode.c.h; path = TCImageView.h; sourceTree = "<group>"; };
		CBB6BC26C90DD0DEE76B6C0C /* TCPublicFileContentView.m */ = {isa = PBXFileReference; fileEncoding = 4; lastKnownFileType = sourcecode.c.objc; path = TCPublicFileContentView.m; sourceTree = "<group>"; };
		CBB6BC433DD29E89829669FA /* TCProfileScreenView.h */ = {isa = PBXFileReference; fileEncoding = 4; lastKnownFileType = sourcecode.c.h; path = TCProfileScreenView.h; sourceTree = "<group>"; };
		CBB6BC505070CE2101319C20 /* TCUser.m */ = {isa = PBXFileReference; fileEncoding = 4; lastKnownFileType = sourcecode.c.objc; path = TCUser.m; sourceTree = "<group>"; };
		CBB6BC5B762B6EC667EDF3F7 /* UIScrollView+scrollingEnabled.m */ = {isa = PBXFileReference; fileEncoding = 4; lastKnownFileType = sourcecode.c.objc; path = "UIScrollView+scrollingEnabled.m"; sourceTree = "<group>"; };
		CBB6BC75727BD701A1B8F3A2 /* TCUser.h */ = {isa = PBXFileReference; fileEncoding = 4; lastKnownFileType = sourcecode.c.h; path = TCUser.h; sourceTree = "<group>"; };
		CBB6BC87BB22D258A3F34DFD /* TCPublicFileContentView.h */ = {isa = PBXFileReference; fileEncoding = 4; lastKnownFileType = sourcecode.c.h; path = TCPublicFileContentView.h; sourceTree = "<group>"; };
		CBB6BC8A7BCDEF9680747D9F /* TCAuthenticationScreenViewController.h */ = {isa = PBXFileReference; fileEncoding = 4; lastKnownFileType = sourcecode.c.h; path = TCAuthenticationScreenViewController.h; sourceTree = "<group>"; };
		CBB6BCB7C23E8D81CBD893F5 /* TCGeneralProfileInfoView.h */ = {isa = PBXFileReference; fileEncoding = 4; lastKnownFileType = sourcecode.c.h; path = TCGeneralProfileInfoView.h; sourceTree = "<group>"; };
		CBB6BCC1E2218F66CBAD90AC /* TCAuthenticationScreenViewController.m */ = {isa = PBXFileReference; fileEncoding = 4; lastKnownFileType = sourcecode.c.objc; path = TCAuthenticationScreenViewController.m; sourceTree = "<group>"; };
		CBB6BCFA15AAB22ED2927EB3 /* TCViewWithUserTable.h */ = {isa = PBXFileReference; fileEncoding = 4; lastKnownFileType = sourcecode.c.h; path = TCViewWithUserTable.h; sourceTree = "<group>"; };
		CBB6BD1A87E71FC9FB32CA8E /* TCGithubAuthenticationViewController.h */ = {isa = PBXFileReference; fileEncoding = 4; lastKnownFileType = sourcecode.c.h; path = TCGithubAuthenticationViewController.h; sourceTree = "<group>"; };
		CBB6BD4D12057A996BC7E2A9 /* TCGist.m */ = {isa = PBXFileReference; fileEncoding = 4; lastKnownFileType = sourcecode.c.objc; path = TCGist.m; sourceTree = "<group>"; };
		CBB6BD4D7B07C31E142EAC3D /* UIView+TCTapAction.h */ = {isa = PBXFileReference; fileEncoding = 4; lastKnownFileType = sourcecode.c.h; path = "UIView+TCTapAction.h"; sourceTree = "<group>"; };
		CBB6BD8CEE694F07649A16CF /* TCPublicFileContentViewController.h */ = {isa = PBXFileReference; fileEncoding = 4; lastKnownFileType = sourcecode.c.h; path = TCPublicFileContentViewController.h; sourceTree = "<group>"; };
		CBB6BE081F6871D63D884315 /* TCGist.h */ = {isa = PBXFileReference; fileEncoding = 4; lastKnownFileType = sourcecode.c.h; path = TCGist.h; sourceTree = "<group>"; };
		CBB6BE2E1182087D0C45BB11 /* TCAuthenticationScreenView.m */ = {isa = PBXFileReference; fileEncoding = 4; lastKnownFileType = sourcecode.c.objc; path = TCAuthenticationScreenView.m; sourceTree = "<group>"; };
		CBB6BE5337F34CD13A385374 /* NSDate+TCDateString.m */ = {isa = PBXFileReference; fileEncoding = 4; lastKnownFileType = sourcecode.c.objc; path = "NSDate+TCDateString.m"; sourceTree = "<group>"; };
		CBB6BE7F3C8C4C5F823A46C9 /* Info.plist */ = {isa = PBXFileReference; fileEncoding = 4; lastKnownFileType = text.plist.info; path = Info.plist; sourceTree = "<group>"; };
		CBB6BE9ADF4A263F52961BF8 /* TCFilesListViewDelegate.h */ = {isa = PBXFileReference; fileEncoding = 4; lastKnownFileType = sourcecode.c.h; path = TCFilesListViewDelegate.h; sourceTree = "<group>"; };
		CBB6BEBEE7B18B134ABB5101 /* TCGistTableCell.h */ = {isa = PBXFileReference; fileEncoding = 4; lastKnownFileType = sourcecode.c.h; path = TCGistTableCell.h; sourceTree = "<group>"; };
		CBB6BEDF84DB05C48FA2C145 /* TCGistsListView.h */ = {isa = PBXFileReference; fileEncoding = 4; lastKnownFileType = sourcecode.c.h; path = TCGistsListView.h; sourceTree = "<group>"; };
		CBB6BF0EA8825F3CD942F6F5 /* TCServerManager.m */ = {isa = PBXFileReference; fileEncoding = 4; lastKnownFileType = sourcecode.c.objc; path = TCServerManager.m; sourceTree = "<group>"; };
		CBB6BF501433E3C73A9C5732 /* TCServer.m */ = {isa = PBXFileReference; fileEncoding = 4; lastKnownFileType = sourcecode.c.objc; path = TCServer.m; sourceTree = "<group>"; };
		CBB6BF7998BEF69FBD579376 /* Assets.xcassets */ = {isa = PBXFileReference; lastKnownFileType = folder.assetcatalog; path = Assets.xcassets; sourceTree = "<group>"; };
		CBB6BFA58357ECC5A6564D1D /* TCTableViewController.h */ = {isa = PBXFileReference; fileEncoding = 4; lastKnownFileType = sourcecode.c.h; path = TCTableViewController.h; sourceTree = "<group>"; };
		CBB6BFBF0CD711241A9533F0 /* TCFilesListView.m */ = {isa = PBXFileReference; fileEncoding = 4; lastKnownFileType = sourcecode.c.objc; path = TCFilesListView.m; sourceTree = "<group>"; };
		CBB6BFFF48BB2272E11D2B63 /* TCGithubAuthenticationView.m */ = {isa = PBXFileReference; fileEncoding = 4; lastKnownFileType = sourcecode.c.objc; path = TCGithubAuthenticationView.m; sourceTree = "<group>"; };
/* End PBXFileReference section */

/* Begin PBXFrameworksBuildPhase section */
		076931D51D18575000D24A35 /* Frameworks */ = {
			isa = PBXFrameworksBuildPhase;
			buildActionMask = 2147483647;
			files = (
				2DDE4B2888DC52D879CF9FC5 /* Pods_Gister.framework in Frameworks */,
			);
			runOnlyForDeploymentPostprocessing = 0;
		};
/* End PBXFrameworksBuildPhase section */

/* Begin PBXGroup section */
		076931CD1D1856A200D24A35 = {
			isa = PBXGroup;
			children = (
				076931D91D18575000D24A35 /* Products */,
				CC1BBFB452037EF55978D64E /* Pods */,
				17691315698EA5B505D5491A /* Frameworks */,
				CBB6BC29A36C458ABEF502CB /* Gister */,
			);
			sourceTree = "<group>";
			usesTabs = 1;
		};
		076931D91D18575000D24A35 /* Products */ = {
			isa = PBXGroup;
			children = (
				076931D81D18575000D24A35 /* Gister.app */,
			);
			name = Products;
			sourceTree = "<group>";
		};
		17691315698EA5B505D5491A /* Frameworks */ = {
			isa = PBXGroup;
			children = (
				1A8E76B3B9EFBF73A484C8C4 /* Pods_Gister.framework */,
			);
			name = Frameworks;
			sourceTree = "<group>";
		};
		CBB6B0F41B2AAFD5303BFFED /* FilesList */ = {
			isa = PBXGroup;
			children = (
				CBB6BA5A72EB9E6923C48DCE /* TCFilesListViewController.h */,
				CBB6B490B0B2B4797D81B022 /* TCFilesListViewController.m */,
				CBB6BFBF0CD711241A9533F0 /* TCFilesListView.m */,
				CBB6B4BFB44368CBEE0055DF /* TCFilesListView.h */,
				CBB6BE9ADF4A263F52961BF8 /* TCFilesListViewDelegate.h */,
			);
			path = FilesList;
			sourceTree = "<group>";
		};
		CBB6B184D21639088323E395 /* AuthenticationWebView */ = {
			isa = PBXGroup;
			children = (
				CBB6BD1A87E71FC9FB32CA8E /* TCGithubAuthenticationViewController.h */,
				CBB6B2BFA52A1C55E1A269F4 /* TCGithubAuthenticationViewController.m */,
				CBB6BFFF48BB2272E11D2B63 /* TCGithubAuthenticationView.m */,
				CBB6B3CA839868C4C03795DB /* TCGithubAuthenticationView.h */,
			);
			path = AuthenticationWebView;
			sourceTree = "<group>";
		};
		CBB6B27F9FB05833A7A67EB0 /* FileContent */ = {
			isa = PBXGroup;
			children = (
				CBB6BAEF1E01BAC8E1A77016 /* ViewControllers */,
				CBB6B9E1B80F4740AE4CE3E5 /* Views */,
				CBB6BA5A1D1D6D9E32C6AC65 /* TCUserFileContentViewDelegate.h */,
			);
			path = FileContent;
			sourceTree = "<group>";
		};
		CBB6B337B2DBE1C54DF3241E /* GistsList */ = {
			isa = PBXGroup;
			children = (
				CBB6B6640F098C329E7D8F17 /* TCGistsListViewDelegate.h */,
				CBB6B387B00B582B78A35682 /* ViewControllers */,
				CBB6BB955C8520EDAF682F7C /* Views */,
			);
			path = GistsList;
			sourceTree = "<group>";
		};
		CBB6B352F7AA3A152DB94196 /* Authentication */ = {
			isa = PBXGroup;
			children = (
				CBB6BCC1E2218F66CBAD90AC /* TCAuthenticationScreenViewController.m */,
				CBB6BC8A7BCDEF9680747D9F /* TCAuthenticationScreenViewController.h */,
				CBB6BE2E1182087D0C45BB11 /* TCAuthenticationScreenView.m */,
				CBB6B9A7E4661EFFF70EE382 /* TCAuthenticationScreenView.h */,
				CBB6B62B7A11AE35AA4D186B /* TCAuthenticationScreenViewDelegate.h */,
			);
			path = Authentication;
			sourceTree = "<group>";
		};
		CBB6B387B00B582B78A35682 /* ViewControllers */ = {
			isa = PBXGroup;
			children = (
				CBB6B7B97FDB90CB792102E7 /* TCPublicGistsListViewController.h */,
				CBB6B06C59AFDA4D165341C5 /* TCPublicGistsListViewController.m */,
				CBB6B3FD5FD36D28B91537FF /* TCUsersGistsListViewController.m */,
				CBB6BB3C64966005F8DA1B83 /* TCUsersGistsListViewController.h */,
			);
			path = ViewControllers;
			sourceTree = "<group>";
		};
		CBB6B53476E18F7DBD20C58C /* Supporting Files */ = {
			isa = PBXGroup;
			children = (
				CBB6B6AAFF61504861ACB241 /* main.m */,
			);
			name = "Supporting Files";
			sourceTree = "<group>";
		};
		CBB6B586343BC940CF961B57 /* TableCells */ = {
			isa = PBXGroup;
			children = (
				CBB6B885DD16AE63DACE2DDD /* TCGistTableCell.m */,
				CBB6BEBEE7B18B134ABB5101 /* TCGistTableCell.h */,
			);
			path = TableCells;
			sourceTree = "<group>";
		};
		CBB6B932E8EA21B13CBAC496 /* CusstomClasses */ = {
			isa = PBXGroup;
			children = (
				CBB6B99C7270DA0A9DBB8F4A /* TCFile.h */,
				CBB6B575C1C53CC5FCCB6F9F /* TCDraggableView.h */,
				CBB6B6EE96EEB7E0B173B966 /* TCDraggableView.m */,
				CBB6B79F4C515CF5BD1681E9 /* TCFile.m */,
				CBB6BD4D12057A996BC7E2A9 /* TCGist.m */,
				CBB6BE081F6871D63D884315 /* TCGist.h */,
				CBB6BC505070CE2101319C20 /* TCUser.m */,
				CBB6BC75727BD701A1B8F3A2 /* TCUser.h */,
				CBB6BF0EA8825F3CD942F6F5 /* TCServerManager.m */,
				CBB6B48783F3D1CCA764A5B9 /* TCServerManager.h */,
				CBB6BF501433E3C73A9C5732 /* TCServer.m */,
				CBB6B8A1F9F04ADC18E1ADA7 /* TCServer.h */,
			);
			path = CusstomClasses;
			sourceTree = "<group>";
		};
		CBB6B956FA9926ACC0BA3639 /* ProfileScreen */ = {
			isa = PBXGroup;
			children = (
				CBB6B5E2E67A6F2E255CB4F4 /* TCProfileScreenViewDelegate.h */,
				CBB6BABF7B2D6124BD42A0C4 /* Views */,
				CBB6BE94AE0FCC5E31832BFE /* ViewController */,
			);
			path = ProfileScreen;
			sourceTree = "<group>";
		};
		CBB6B9E1B80F4740AE4CE3E5 /* Views */ = {
			isa = PBXGroup;
			children = (
				CBB6B35FC8A519D5CEE3644C /* TCUserFileContentView.m */,
				CBB6BADC6B80FE58EF684345 /* TCUserFileContentView.h */,
				CBB6BC26C90DD0DEE76B6C0C /* TCPublicFileContentView.m */,
				CBB6BC87BB22D258A3F34DFD /* TCPublicFileContentView.h */,
			);
			path = Views;
			sourceTree = "<group>";
		};
		CBB6BABF7B2D6124BD42A0C4 /* Views */ = {
			isa = PBXGroup;
			children = (
				CBB6B6BAEF05FCF4EA940ACB /* TCGeneralProfileInfoView.m */,
				CBB6BCB7C23E8D81CBD893F5 /* TCGeneralProfileInfoView.h */,
				CBB6BC433DD29E89829669FA /* TCProfileScreenView.h */,
				CBB6BA813361314EEC7462F7 /* TCProfileScreenView.m */,
			);
			path = Views;
			sourceTree = "<group>";
		};
		CBB6BAC12AA6072E2B478754 /* Screens */ = {
			isa = PBXGroup;
			children = (
				CBB6B352F7AA3A152DB94196 /* Authentication */,
				CBB6B337B2DBE1C54DF3241E /* GistsList */,
				CBB6B0F41B2AAFD5303BFFED /* FilesList */,
				CBB6BE2172F09B25C365A056 /* Users */,
				CBB6B27F9FB05833A7A67EB0 /* FileContent */,
				CBB6B184D21639088323E395 /* AuthenticationWebView */,
				CBB6B956FA9926ACC0BA3639 /* ProfileScreen */,
			);
			path = Screens;
			sourceTree = "<group>";
		};
		CBB6BAD8DC2EE337B4B0508F /* Base */ = {
			isa = PBXGroup;
			children = (
				CBB6B63FF72771DD4BC126C9 /* UIView+TCTapAction.m */,
				CBB6BD4D7B07C31E142EAC3D /* UIView+TCTapAction.h */,
				CBB6BC5B762B6EC667EDF3F7 /* UIScrollView+scrollingEnabled.m */,
				CBB6BB160CDD2EC5A6F58D0F /* UIScrollView+scrollingEnabled.h */,
				CBB6B8ABFDA0C0D9508915D5 /* NSObject+TCDoWith.h */,
				CBB6B622E80A6C30A3AF3FAB /* NSObject+TCDoWith.m */,
				CBB6B8793281484146DE7127 /* TCButton.m */,
				CBB6B5495D9C7223DB8FA0A7 /* TCButton.h */,
				CBB6BAAEBFA7FA86BD803847 /* TCViewController.m */,
				CBB6B495C7C2A193938AE44E /* TCViewController.h */,
				CBB6B2C4EEEEB38F3E4D548C /* TCTableViewContainer.h */,
				CBB6B1BD53769B8661EF2755 /* TCTableViewContainer.m */,
				CBB6BBCD89EE1C4FC48052AF /* TCImageView.h */,
				CBB6B38D314196211EB13A67 /* TCImageView.m */,
				CBB6B3C0E96E8241B7A468FC /* TCScrollViewContainer.m */,
				CBB6B406466D533F1F1959F0 /* TCScrollViewContainer.h */,
			);
			path = Base;
			sourceTree = "<group>";
		};
		CBB6BAEF1E01BAC8E1A77016 /* ViewControllers */ = {
			isa = PBXGroup;
			children = (
				CBB6B6F1A65878EDA75B20D3 /* TCUserFileContentViewController.h */,
				CBB6B2001BFC554B5D3F6658 /* TCUserFileContentViewController.m */,
				CBB6BB48483F85D2295427E6 /* TCPublicFileContentViewController.m */,
				CBB6BD8CEE694F07649A16CF /* TCPublicFileContentViewController.h */,
			);
			path = ViewControllers;
			sourceTree = "<group>";
		};
		CBB6BB955C8520EDAF682F7C /* Views */ = {
			isa = PBXGroup;
			children = (
				CBB6B9518FE3DE0B5111DECD /* TCGistsListView.m */,
				CBB6BEDF84DB05C48FA2C145 /* TCGistsListView.h */,
				CBB6B586343BC940CF961B57 /* TableCells */,
			);
			path = Views;
			sourceTree = "<group>";
		};
		CBB6BC29A36C458ABEF502CB /* Gister */ = {
			isa = PBXGroup;
			children = (
				CBB6BF7998BEF69FBD579376 /* Assets.xcassets */,
				CBB6B41F012FFC32B65CE057 /* LaunchScreen.storyboard */,
				CBB6BE7F3C8C4C5F823A46C9 /* Info.plist */,
				CBB6B53476E18F7DBD20C58C /* Supporting Files */,
				CBB6B1CE4189F18EC9399B9F /* TCAppDelegate.m */,
				CBB6B4338AC94107F0F6155A /* TCAppDelegate.h */,
				CBB6BFFA5FAA7D5C6B621B4C /* Categories */,
				CBB6BAC12AA6072E2B478754 /* Screens */,
				CBB6B932E8EA21B13CBAC496 /* CusstomClasses */,
				CBB6BAD8DC2EE337B4B0508F /* Base */,
			);
			path = Gister;
			sourceTree = "<group>";
		};
		CBB6BE2172F09B25C365A056 /* Users */ = {
			isa = PBXGroup;
			children = (
				CBB6BB2DA269B8AD2D9E793C /* TCTableViewController.m */,
				CBB6BFA58357ECC5A6564D1D /* TCTableViewController.h */,
				CBB6B73B634C0FD1E20AD32C /* TCUserTableCell.h */,
				CBB6B5D966DF824D63FF79B3 /* TCUserTableCell.m */,
				CBB6B73ED6785BEEEDDAFAB0 /* TCViewWithUserTable.m */,
				CBB6BCFA15AAB22ED2927EB3 /* TCViewWithUserTable.h */,
			);
			path = Users;
			sourceTree = "<group>";
		};
		CBB6BE94AE0FCC5E31832BFE /* ViewController */ = {
			isa = PBXGroup;
			children = (
				CBB6B72FE83654B7E90000BF /* TCProfileScreenViewController.m */,
				CBB6B0C0CF05F778AC6FEE80 /* TCProfileScreenViewController.h */,
			);
			path = ViewController;
			sourceTree = "<group>";
		};
		CBB6BFFA5FAA7D5C6B621B4C /* Categories */ = {
			isa = PBXGroup;
			children = (
				CBB6B4C51590CCDAF2F9A10D /* NSDictionary+DictionaryWithoutNSNull.m */,
				CBB6BA47CB32BA719067424C /* NSDictionary+DictionaryWithoutNSNull.h */,
				CBB6B532197DA15225FFBF8F /* NSDictionary+TCParseURL.m */,
				CBB6BA7CA1982036C904BF09 /* NSDictionary+TCParseURL.h */,
				CBB6BE5337F34CD13A385374 /* NSDate+TCDateString.m */,
				CBB6B2A03ED0FEA38A3A6287 /* NSDate+TCDateString.h */,
				CBB6B241006E7D0CF465C0D1 /* UIViewController+ShowError.m */,
				CBB6B9E3CD4F341B79AA2EB9 /* UIViewController+ShowError.h */,
			);
			path = Categories;
			sourceTree = "<group>";
		};
		CC1BBFB452037EF55978D64E /* Pods */ = {
			isa = PBXGroup;
			children = (
				41594FA01906A40B2CF127EE /* Pods-Gister.debug.xcconfig */,
				210C68684CC01E81EE07FBEE /* Pods-Gister.release.xcconfig */,
			);
			name = Pods;
			sourceTree = "<group>";
		};
/* End PBXGroup section */

/* Begin PBXNativeTarget section */
		076931D71D18575000D24A35 /* Gister */ = {
			isa = PBXNativeTarget;
			buildConfigurationList = 076931ED1D18575100D24A35 /* Build configuration list for PBXNativeTarget "Gister" */;
			buildPhases = (
				75F63BBB560FBEF1E0C22478 /* 📦 Check Pods Manifest.lock */,
				F0BDA8051A15D0BA04DAA525 /* uD83DuDCE6 Check Pods Manifest.lock */,
				4B8F921EFCD36F4F3A894FEA /* uD83DuDCE6 Check Pods Manifest.lock */,
				076931D41D18575000D24A35 /* Sources */,
				076931D51D18575000D24A35 /* Frameworks */,
				076931D61D18575000D24A35 /* Resources */,
				FACF5BEF63EC3E20A779260C /* uD83DuDCE6 Embed Pods Frameworks */,
				37A7DD51658E7C73C3BA22EC /* uD83DuDCE6 Copy Pods Resources */,
				E19ADB689FC2727786AC22FA /* uD83DuDCE6 Embed Pods Frameworks */,
				143BDF55C8ACA1E4524DB006 /* uD83DuDCE6 Copy Pods Resources */,
				BB8677FB5F9722BC527D4E2E /* 📦 Embed Pods Frameworks */,
				25130D3E2922A61816D69D21 /* 📦 Copy Pods Resources */,
			);
			buildRules = (
			);
			dependencies = (
			);
			name = Gister;
			productName = Gister;
			productReference = 076931D81D18575000D24A35 /* Gister.app */;
			productType = "com.apple.product-type.application";
		};
/* End PBXNativeTarget section */

/* Begin PBXProject section */
		076931CE1D1856A200D24A35 /* Project object */ = {
			isa = PBXProject;
			attributes = {
				LastUpgradeCheck = 0730;
				TargetAttributes = {
					076931D71D18575000D24A35 = {
						CreatedOnToolsVersion = 7.3.1;
					};
				};
			};
			buildConfigurationList = 076931D11D1856A200D24A35 /* Build configuration list for PBXProject "Gister" */;
			compatibilityVersion = "Xcode 3.2";
			developmentRegion = English;
			hasScannedForEncodings = 0;
			knownRegions = (
				en,
				Base,
			);
			mainGroup = 076931CD1D1856A200D24A35;
			productRefGroup = 076931D91D18575000D24A35 /* Products */;
			projectDirPath = "";
			projectRoot = "";
			targets = (
				076931D71D18575000D24A35 /* Gister */,
			);
		};
/* End PBXProject section */

/* Begin PBXResourcesBuildPhase section */
		076931D61D18575000D24A35 /* Resources */ = {
			isa = PBXResourcesBuildPhase;
			buildActionMask = 2147483647;
			files = (
				CBB6BBA15D928753AC265AFE /* Assets.xcassets in Resources */,
				CBB6BEFC507AEFE843E3E3EC /* LaunchScreen.storyboard in Resources */,
			);
			runOnlyForDeploymentPostprocessing = 0;
		};
/* End PBXResourcesBuildPhase section */

/* Begin PBXShellScriptBuildPhase section */
		143BDF55C8ACA1E4524DB006 /* uD83DuDCE6 Copy Pods Resources */ = {
			isa = PBXShellScriptBuildPhase;
			buildActionMask = 2147483647;
			files = (
			);
			inputPaths = (
			);
			name = "uD83DuDCE6 Copy Pods Resources";
			outputPaths = (
			);
			runOnlyForDeploymentPostprocessing = 0;
			shellPath = /bin/sh;
			shellScript = "\"${SRCROOT}/Pods/Target Support Files/Pods-Gister/Pods-Gister-resources.sh\"\n";
			showEnvVarsInLog = 0;
		};
		25130D3E2922A61816D69D21 /* 📦 Copy Pods Resources */ = {
			isa = PBXShellScriptBuildPhase;
			buildActionMask = 2147483647;
			files = (
			);
			inputPaths = (
			);
			name = "\uD83D\uDCE6 Copy Pods Resources";
			outputPaths = (
			);
			runOnlyForDeploymentPostprocessing = 0;
			shellPath = /bin/sh;
			shellScript = "\"${SRCROOT}/Pods/Target Support Files/Pods-Gister/Pods-Gister-resources.sh\"\n";
			showEnvVarsInLog = 0;
		};
		37A7DD51658E7C73C3BA22EC /* uD83DuDCE6 Copy Pods Resources */ = {
			isa = PBXShellScriptBuildPhase;
			buildActionMask = 2147483647;
			files = (
			);
			inputPaths = (
			);
			name = "uD83DuDCE6 Copy Pods Resources";
			outputPaths = (
			);
			runOnlyForDeploymentPostprocessing = 0;
			shellPath = /bin/sh;
			shellScript = "\"${SRCROOT}/Pods/Target Support Files/Pods-Gister/Pods-Gister-resources.sh\"\n";
			showEnvVarsInLog = 0;
		};
		4B8F921EFCD36F4F3A894FEA /* uD83DuDCE6 Check Pods Manifest.lock */ = {
			isa = PBXShellScriptBuildPhase;
			buildActionMask = 2147483647;
			files = (
			);
			inputPaths = (
			);
			name = "uD83DuDCE6 Check Pods Manifest.lock";
			outputPaths = (
			);
			runOnlyForDeploymentPostprocessing = 0;
			shellPath = /bin/sh;
			shellScript = "diff \"${PODS_ROOT}/../Podfile.lock\" \"${PODS_ROOT}/Manifest.lock\" > /dev/null\nif [[ $? != 0 ]] ; then\n    cat << EOM\nerror: The sandbox is not in sync with the Podfile.lock. Run 'pod install' or update your CocoaPods installation.\nEOM\n    exit 1\nfi\n";
			showEnvVarsInLog = 0;
		};
		75F63BBB560FBEF1E0C22478 /* 📦 Check Pods Manifest.lock */ = {
			isa = PBXShellScriptBuildPhase;
			buildActionMask = 2147483647;
			files = (
			);
			inputPaths = (
			);
			name = "\uD83D\uDCE6 Check Pods Manifest.lock";
			outputPaths = (
			);
			runOnlyForDeploymentPostprocessing = 0;
			shellPath = /bin/sh;
			shellScript = "diff \"${PODS_ROOT}/../Podfile.lock\" \"${PODS_ROOT}/Manifest.lock\" > /dev/null\nif [[ $? != 0 ]] ; then\n    cat << EOM\nerror: The sandbox is not in sync with the Podfile.lock. Run 'pod install' or update your CocoaPods installation.\nEOM\n    exit 1\nfi\n";
			showEnvVarsInLog = 0;
		};
		BB8677FB5F9722BC527D4E2E /* 📦 Embed Pods Frameworks */ = {
			isa = PBXShellScriptBuildPhase;
			buildActionMask = 2147483647;
			files = (
			);
			inputPaths = (
			);
			name = "\uD83D\uDCE6 Embed Pods Frameworks";
			outputPaths = (
			);
			runOnlyForDeploymentPostprocessing = 0;
			shellPath = /bin/sh;
			shellScript = "\"${SRCROOT}/Pods/Target Support Files/Pods-Gister/Pods-Gister-frameworks.sh\"\n";
			showEnvVarsInLog = 0;
		};
		E19ADB689FC2727786AC22FA /* uD83DuDCE6 Embed Pods Frameworks */ = {
			isa = PBXShellScriptBuildPhase;
			buildActionMask = 2147483647;
			files = (
			);
			inputPaths = (
			);
			name = "uD83DuDCE6 Embed Pods Frameworks";
			outputPaths = (
			);
			runOnlyForDeploymentPostprocessing = 0;
			shellPath = /bin/sh;
			shellScript = "\"${SRCROOT}/Pods/Target Support Files/Pods-Gister/Pods-Gister-frameworks.sh\"\n";
			showEnvVarsInLog = 0;
		};
		F0BDA8051A15D0BA04DAA525 /* uD83DuDCE6 Check Pods Manifest.lock */ = {
			isa = PBXShellScriptBuildPhase;
			buildActionMask = 2147483647;
			files = (
			);
			inputPaths = (
			);
			name = "uD83DuDCE6 Check Pods Manifest.lock";
			outputPaths = (
			);
			runOnlyForDeploymentPostprocessing = 0;
			shellPath = /bin/sh;
			shellScript = "diff \"${PODS_ROOT}/../Podfile.lock\" \"${PODS_ROOT}/Manifest.lock\" > /dev/null\nif [[ $? != 0 ]] ; then\n    cat << EOM\nerror: The sandbox is not in sync with the Podfile.lock. Run 'pod install' or update your CocoaPods installation.\nEOM\n    exit 1\nfi\n";
			showEnvVarsInLog = 0;
		};
		FACF5BEF63EC3E20A779260C /* uD83DuDCE6 Embed Pods Frameworks */ = {
			isa = PBXShellScriptBuildPhase;
			buildActionMask = 2147483647;
			files = (
			);
			inputPaths = (
			);
			name = "uD83DuDCE6 Embed Pods Frameworks";
			outputPaths = (
			);
			runOnlyForDeploymentPostprocessing = 0;
			shellPath = /bin/sh;
			shellScript = "\"${SRCROOT}/Pods/Target Support Files/Pods-Gister/Pods-Gister-frameworks.sh\"\n";
			showEnvVarsInLog = 0;
		};
/* End PBXShellScriptBuildPhase section */

/* Begin PBXSourcesBuildPhase section */
		076931D41D18575000D24A35 /* Sources */ = {
			isa = PBXSourcesBuildPhase;
			buildActionMask = 2147483647;
			files = (
				CBB6B599B76B91D7DF458764 /* main.m in Sources */,
				CBB6B04253C841DDD74BF697 /* TCAppDelegate.m in Sources */,
				CBB6B33204C61A71D3F5F4D8 /* NSDictionary+DictionaryWithoutNSNull.m in Sources */,
				CBB6B0F1CEDE2FDCEE36F27E /* NSDictionary+TCParseURL.m in Sources */,
				CBB6B97DA4604D5A7D1463F5 /* NSDate+TCDateString.m in Sources */,
				CBB6B7F1B938E3B0A0F51D09 /* TCAuthenticationScreenViewController.m in Sources */,
				CBB6B909DADEB57DF46511F5 /* TCFilesListViewController.m in Sources */,
				CBB6B31CD3E04EE782166DD2 /* TCFilesListView.m in Sources */,
				CBB6BE8D33E9F79A556F13EC /* TCTableViewController.m in Sources */,
				CBB6B218DC7BC96FF0CC4743 /* TCUserTableCell.m in Sources */,
				CBB6B7B50ADE4E7CD21BA91B /* TCViewWithUserTable.m in Sources */,
				CBB6B68CDA7AC49E35D217B1 /* TCDraggableView.m in Sources */,
				CBB6BE918573896DE97552FA /* TCFile.m in Sources */,
				CBB6BE8C812ED806CA2F3C09 /* TCGist.m in Sources */,
				CBB6B750F496EBEB0B5ACD24 /* TCUser.m in Sources */,
				CBB6B8BA7A756F6327EB7CD5 /* UIView+TCTapAction.m in Sources */,
				CBB6BA1ABCF01902EE9CFAEE /* UIScrollView+scrollingEnabled.m in Sources */,
				CBB6B245D77B2F5B664CE0DD /* NSObject+TCDoWith.m in Sources */,
				CBB6BEAECE65801CFE084327 /* TCButton.m in Sources */,
				CBB6B233E3CA5B5DBE001D88 /* TCViewController.m in Sources */,
				CBB6B70E9CB51482A3AC52A2 /* TCTableViewContainer.m in Sources */,
				CBB6BBEC52F0F4BCE3E6217B /* TCImageView.m in Sources */,
				CBB6B2A8D73AAB416C9D4B65 /* TCServerManager.m in Sources */,
				CBB6B7E540B141315CA021FE /* TCServer.m in Sources */,
				CBB6B636D7D6D1A69B64CC64 /* TCAuthenticationScreenView.m in Sources */,
				CBB6B94EE3D808689408A1B2 /* TCGithubAuthenticationViewController.m in Sources */,
				CBB6BC497AB57B1F0F3EDE12 /* TCGithubAuthenticationView.m in Sources */,
				CBB6B9C31A4082617C141CE6 /* TCGistsListView.m in Sources */,
				CBB6B2701E65A30FFE137BF7 /* TCPublicGistsListViewController.m in Sources */,
				CBB6B9F007B71C7460594A7D /* TCGistTableCell.m in Sources */,
				CBB6B3BEE8AE40C0DEB6A4E3 /* TCUsersGistsListViewController.m in Sources */,
				CBB6B6746E92B957A30B60AD /* TCUserFileContentViewController.m in Sources */,
				CBB6B29DA64F42E2DD9547F8 /* TCUserFileContentView.m in Sources */,
				CBB6B14BD16FFD3E99B07697 /* TCGeneralProfileInfoView.m in Sources */,
				CBB6BE4D880472FE6FC25DED /* TCProfileScreenView.m in Sources */,
				CBB6BC88145E13C5A98B8233 /* TCProfileScreenViewController.m in Sources */,
				CBB6BA54F4B990D3067C5484 /* TCPublicFileContentViewController.m in Sources */,
				CBB6B9268F0626767911D7ED /* TCScrollViewContainer.m in Sources */,
				CBB6B44A6A0C9A33332C4B8E /* UIViewController+ShowError.m in Sources */,
				CBB6B351E856B7A3EA57E970 /* TCPublicFileContentView.m in Sources */,
			);
			runOnlyForDeploymentPostprocessing = 0;
		};
/* End PBXSourcesBuildPhase section */

/* Begin PBXVariantGroup section */
		CBB6B41F012FFC32B65CE057 /* LaunchScreen.storyboard */ = {
			isa = PBXVariantGroup;
			children = (
				CBB6B74D7C1BCC2E7E80CE8C /* Base */,
			);
			name = LaunchScreen.storyboard;
			sourceTree = "<group>";
		};
/* End PBXVariantGroup section */

/* Begin XCBuildConfiguration section */
		076931D21D1856A200D24A35 /* Debug */ = {
			isa = XCBuildConfiguration;
			buildSettings = {
			};
			name = Debug;
		};
		076931D31D1856A200D24A35 /* Release */ = {
			isa = XCBuildConfiguration;
			buildSettings = {
			};
			name = Release;
		};
		076931EE1D18575100D24A35 /* Debug */ = {
			isa = XCBuildConfiguration;
			baseConfigurationReference = 41594FA01906A40B2CF127EE /* Pods-Gister.debug.xcconfig */;
			buildSettings = {
				ALWAYS_SEARCH_USER_PATHS = NO;
				ASSETCATALOG_COMPILER_APPICON_NAME = AppIcon;
				CLANG_ANALYZER_NONNULL = YES;
				CLANG_CXX_LANGUAGE_STANDARD = "gnu++0x";
				CLANG_CXX_LIBRARY = "libc++";
				CLANG_ENABLE_MODULES = YES;
				CLANG_ENABLE_OBJC_ARC = YES;
				CLANG_WARN_BOOL_CONVERSION = YES;
				CLANG_WARN_CONSTANT_CONVERSION = YES;
				CLANG_WARN_DIRECT_OBJC_ISA_USAGE = YES_ERROR;
				CLANG_WARN_EMPTY_BODY = YES;
				CLANG_WARN_ENUM_CONVERSION = YES;
				CLANG_WARN_INT_CONVERSION = YES;
				CLANG_WARN_OBJC_ROOT_CLASS = YES_ERROR;
				CLANG_WARN_UNREACHABLE_CODE = YES;
				CLANG_WARN__DUPLICATE_METHOD_MATCH = YES;
				"CODE_SIGN_IDENTITY[sdk=iphoneos*]" = "iPhone Developer";
				COPY_PHASE_STRIP = NO;
				DEBUG_INFORMATION_FORMAT = dwarf;
				ENABLE_STRICT_OBJC_MSGSEND = YES;
				ENABLE_TESTABILITY = YES;
				GCC_C_LANGUAGE_STANDARD = gnu99;
				GCC_DYNAMIC_NO_PIC = NO;
				GCC_NO_COMMON_BLOCKS = YES;
				GCC_OPTIMIZATION_LEVEL = 0;
				GCC_PREPROCESSOR_DEFINITIONS = (
					"DEBUG=1",
					"$(inherited)",
				);
				GCC_WARN_64_TO_32_BIT_CONVERSION = YES;
				GCC_WARN_ABOUT_RETURN_TYPE = YES_ERROR;
				GCC_WARN_UNDECLARED_SELECTOR = YES;
				GCC_WARN_UNINITIALIZED_AUTOS = YES_AGGRESSIVE;
				GCC_WARN_UNUSED_FUNCTION = YES;
				GCC_WARN_UNUSED_VARIABLE = YES;
				INFOPLIST_FILE = Gister/Info.plist;
				IPHONEOS_DEPLOYMENT_TARGET = 9.3;
				LD_RUNPATH_SEARCH_PATHS = "$(inherited) @executable_path/Frameworks";
				MTL_ENABLE_DEBUG_INFO = YES;
				ONLY_ACTIVE_ARCH = YES;
				PRODUCT_BUNDLE_IDENTIFIER = terana.Gister;
				PRODUCT_NAME = Gister;
				SDKROOT = iphoneos;
				TARGETED_DEVICE_FAMILY = "1,2";
			};
			name = Debug;
		};
		076931EF1D18575100D24A35 /* Release */ = {
			isa = XCBuildConfiguration;
			baseConfigurationReference = 210C68684CC01E81EE07FBEE /* Pods-Gister.release.xcconfig */;
			buildSettings = {
				ALWAYS_SEARCH_USER_PATHS = NO;
				ASSETCATALOG_COMPILER_APPICON_NAME = AppIcon;
				CLANG_ANALYZER_NONNULL = YES;
				CLANG_CXX_LANGUAGE_STANDARD = "gnu++0x";
				CLANG_CXX_LIBRARY = "libc++";
				CLANG_ENABLE_MODULES = YES;
				CLANG_ENABLE_OBJC_ARC = YES;
				CLANG_WARN_BOOL_CONVERSION = YES;
				CLANG_WARN_CONSTANT_CONVERSION = YES;
				CLANG_WARN_DIRECT_OBJC_ISA_USAGE = YES_ERROR;
				CLANG_WARN_EMPTY_BODY = YES;
				CLANG_WARN_ENUM_CONVERSION = YES;
				CLANG_WARN_INT_CONVERSION = YES;
				CLANG_WARN_OBJC_ROOT_CLASS = YES_ERROR;
				CLANG_WARN_UNREACHABLE_CODE = YES;
				CLANG_WARN__DUPLICATE_METHOD_MATCH = YES;
				"CODE_SIGN_IDENTITY[sdk=iphoneos*]" = "iPhone Developer";
				COPY_PHASE_STRIP = NO;
				DEBUG_INFORMATION_FORMAT = "dwarf-with-dsym";
				ENABLE_NS_ASSERTIONS = NO;
				ENABLE_STRICT_OBJC_MSGSEND = YES;
				GCC_C_LANGUAGE_STANDARD = gnu99;
				GCC_NO_COMMON_BLOCKS = YES;
				GCC_WARN_64_TO_32_BIT_CONVERSION = YES;
				GCC_WARN_ABOUT_RETURN_TYPE = YES_ERROR;
				GCC_WARN_UNDECLARED_SELECTOR = YES;
				GCC_WARN_UNINITIALIZED_AUTOS = YES_AGGRESSIVE;
				GCC_WARN_UNUSED_FUNCTION = YES;
				GCC_WARN_UNUSED_VARIABLE = YES;
				INFOPLIST_FILE = Gister/Info.plist;
				IPHONEOS_DEPLOYMENT_TARGET = 9.3;
				LD_RUNPATH_SEARCH_PATHS = "$(inherited) @executable_path/Frameworks";
				MTL_ENABLE_DEBUG_INFO = NO;
				PRODUCT_BUNDLE_IDENTIFIER = terana.Gister;
				PRODUCT_NAME = Gister;
				SDKROOT = iphoneos;
				TARGETED_DEVICE_FAMILY = "1,2";
				VALIDATE_PRODUCT = YES;
			};
			name = Release;
		};
/* End XCBuildConfiguration section */

/* Begin XCConfigurationList section */
		076931D11D1856A200D24A35 /* Build configuration list for PBXProject "Gister" */ = {
			isa = XCConfigurationList;
			buildConfigurations = (
				076931D21D1856A200D24A35 /* Debug */,
				076931D31D1856A200D24A35 /* Release */,
			);
			defaultConfigurationIsVisible = 0;
			defaultConfigurationName = Release;
		};
		076931ED1D18575100D24A35 /* Build configuration list for PBXNativeTarget "Gister" */ = {
			isa = XCConfigurationList;
			buildConfigurations = (
				076931EE1D18575100D24A35 /* Debug */,
				076931EF1D18575100D24A35 /* Release */,
			);
			defaultConfigurationIsVisible = 0;
			defaultConfigurationName = Release;
		};
/* End XCConfigurationList section */
	};
	rootObject = 076931CE1D1856A200D24A35 /* Project object */;
}
