// !$*UTF8*$!
{
	archiveVersion = 1;
	classes = {
	};
	objectVersion = 46;
	objects = {

/* Begin PBXBuildFile section */
		076931DD1D18575100D24A35 /* main.m in Sources */ = {isa = PBXBuildFile; fileRef = 076931DC1D18575100D24A35 /* main.m */; };
		076931E81D18575100D24A35 /* Assets.xcassets in Resources */ = {isa = PBXBuildFile; fileRef = 076931E71D18575100D24A35 /* Assets.xcassets */; };
		076931EB1D18575100D24A35 /* LaunchScreen.storyboard in Resources */ = {isa = PBXBuildFile; fileRef = 076931E91D18575100D24A35 /* LaunchScreen.storyboard */; };
		2DDE4B2888DC52D879CF9FC5 /* Pods_TimeCryses.framework in Frameworks */ = {isa = PBXBuildFile; fileRef = 1A8E76B3B9EFBF73A484C8C4 /* Pods_TimeCryses.framework */; };
		CBB6B155DF4BFDD461116923 /* TCTableViewController.m in Sources */ = {isa = PBXBuildFile; fileRef = CBB6BB3B40EC5858851F0ABD /* TCTableViewController.m */; };
		CBB6B1EF4E8B9FB1890474E5 /* TCTableWithGistFilesViewController.m in Sources */ = {isa = PBXBuildFile; fileRef = CBB6B81BE60B6051D2AA505E /* TCTableWithGistFilesViewController.m */; };
		CBB6B2140DF23A4544CEE2AF /* TCUserPageView.m in Sources */ = {isa = PBXBuildFile; fileRef = CBB6B19BB4D5DC68724ED051 /* TCUserPageView.m */; };
		CBB6B2902376C2F33C201454 /* TCMainMenuViewController.m in Sources */ = {isa = PBXBuildFile; fileRef = CBB6B8C83113AB593D777529 /* TCMainMenuViewController.m */; };
		CBB6B2ACA6DB6DFDC63CBF1E /* TCDraggableView.m in Sources */ = {isa = PBXBuildFile; fileRef = CBB6B22BFF1DC6EA68C255E3 /* TCDraggableView.m */; };
		CBB6B2D9B8D119A1465107D8 /* TCUserInformationTableView.m in Sources */ = {isa = PBXBuildFile; fileRef = CBB6BA092C334566CCFD00DA /* TCUserInformationTableView.m */; };
		CBB6B367FA350EAE10D68178 /* NSObject+TCDoWith.m in Sources */ = {isa = PBXBuildFile; fileRef = CBB6B4C55096787CECD521FC /* NSObject+TCDoWith.m */; };
		CBB6B3BE3710A77A824373E1 /* TCUserViewController.m in Sources */ = {isa = PBXBuildFile; fileRef = CBB6BA95DD3A92D4600F2AA9 /* TCUserViewController.m */; };
		CBB6B54694B1C5D57D931EAB /* TCGist.m in Sources */ = {isa = PBXBuildFile; fileRef = CBB6BDC0CFAE5D834D9D750F /* TCGist.m */; };
		CBB6B58A40DFFBCBA951B2DC /* TCImageView.m in Sources */ = {isa = PBXBuildFile; fileRef = CBB6B239DE91F33042A29D27 /* TCImageView.m */; };
		CBB6B620E252C3EECFBE91FB /* NSDictionary+TCParseURL.m in Sources */ = {isa = PBXBuildFile; fileRef = CBB6BC11336B4504AB7D2EE0 /* NSDictionary+TCParseURL.m */; };
		CBB6B7002A612F069F915FFF /* TCAuthenticationViewController.m in Sources */ = {isa = PBXBuildFile; fileRef = CBB6B67B187FE711468D741B /* TCAuthenticationViewController.m */; };
		CBB6B73BA3428617A101D93B /* TCUserGistPreView.m in Sources */ = {isa = PBXBuildFile; fileRef = CBB6B3C3522D4DBDB20D4CBE /* TCUserGistPreView.m */; };
		CBB6B7A29F6A66C7792D124F /* TCButton.m in Sources */ = {isa = PBXBuildFile; fileRef = CBB6B72A9EFE3266A39BD039 /* TCButton.m */; };
		CBB6B7F4382CBC5A2E90C504 /* UIView+TCTapAction.m in Sources */ = {isa = PBXBuildFile; fileRef = CBB6B7C92FC737A2A41B559A /* UIView+TCTapAction.m */; };
		CBB6B85A6858FCEA75862418 /* TCViewWithFileContentController.m in Sources */ = {isa = PBXBuildFile; fileRef = CBB6B0C591D96BBA08A84C4B /* TCViewWithFileContentController.m */; };
		CBB6B8FF2196B2DAD823A55D /* TCUser.m in Sources */ = {isa = PBXBuildFile; fileRef = CBB6B9CA6575CE6E4874A8FB /* TCUser.m */; };
		CBB6B9818E3129EEB9D579D9 /* NSDictionary+DictionaryWithoutNSNull.m in Sources */ = {isa = PBXBuildFile; fileRef = CBB6B977EBDEC2B937A9B1A7 /* NSDictionary+DictionaryWithoutNSNull.m */; };
		CBB6B9A45FC33DCFC433EE6A /* TCUserTableCell.m in Sources */ = {isa = PBXBuildFile; fileRef = CBB6B075B0C68376E96B1CA4 /* TCUserTableCell.m */; };
		CBB6B9D1C1036D145F13CF19 /* TCFile.m in Sources */ = {isa = PBXBuildFile; fileRef = CBB6B46975286E8D2511703A /* TCFile.m */; };
		CBB6B9ECA36D7E6211EF617A /* TCAppDelegate.m in Sources */ = {isa = PBXBuildFile; fileRef = CBB6B9543522EAE02C4DAAD8 /* TCAppDelegate.m */; };
		CBB6BAA698AC633240D18106 /* TCTableWithGistsViewController.m in Sources */ = {isa = PBXBuildFile; fileRef = CBB6BE117250D882F09B9815 /* TCTableWithGistsViewController.m */; };
		CBB6BBF9347A545089FB250C /* UIScrollView+scrollingEnabled.m in Sources */ = {isa = PBXBuildFile; fileRef = CBB6B9D71828CEE45A9BE11F /* UIScrollView+scrollingEnabled.m */; };
		CBB6BCAC55C7579721BDD52B /* NSDate+TCDateString.m in Sources */ = {isa = PBXBuildFile; fileRef = CBB6B42B323CBEF678ACDE76 /* NSDate+TCDateString.m */; };
		CBB6BCF31FA41570AB7F6F30 /* TCTmpViewController.m in Sources */ = {isa = PBXBuildFile; fileRef = CBB6BC25F855AA50735F1F89 /* TCTmpViewController.m */; };
		CBB6BCF70C1233CB7C328A93 /* TCViewWithGistFiles.m in Sources */ = {isa = PBXBuildFile; fileRef = CBB6B9B6C9413301EF0079C1 /* TCViewWithGistFiles.m */; };
		CBB6BD65B66C60EECC24F0E8 /* TCGistTableCell.m in Sources */ = {isa = PBXBuildFile; fileRef = CBB6B8ADD582D3061688AC4A /* TCGistTableCell.m */; };
		CBB6BF816EC4C5A89B392D9E /* TCViewWithGistTable.m in Sources */ = {isa = PBXBuildFile; fileRef = CBB6B3BAEE201F9345706795 /* TCViewWithGistTable.m */; };
		CBB6BFEAD604AEF92F699E44 /* TCViewWithUserTable.m in Sources */ = {isa = PBXBuildFile; fileRef = CBB6BFB3C10B6BC0BC4D5F52 /* TCViewWithUserTable.m */; };
/* End PBXBuildFile section */

/* Begin PBXFileReference section */
		076931D81D18575000D24A35 /* TimeCryses.app */ = {isa = PBXFileReference; explicitFileType = wrapper.application; includeInIndex = 0; path = TimeCryses.app; sourceTree = BUILT_PRODUCTS_DIR; };
		076931DC1D18575100D24A35 /* main.m */ = {isa = PBXFileReference; lastKnownFileType = sourcecode.c.objc; path = main.m; sourceTree = "<group>"; };
		076931E71D18575100D24A35 /* Assets.xcassets */ = {isa = PBXFileReference; lastKnownFileType = folder.assetcatalog; path = Assets.xcassets; sourceTree = "<group>"; };
		076931EA1D18575100D24A35 /* Base */ = {isa = PBXFileReference; lastKnownFileType = file.storyboard; name = Base; path = Base.lproj/LaunchScreen.storyboard; sourceTree = "<group>"; };
		076931EC1D18575100D24A35 /* Info.plist */ = {isa = PBXFileReference; lastKnownFileType = text.plist.xml; path = Info.plist; sourceTree = "<group>"; };
		1A8E76B3B9EFBF73A484C8C4 /* Pods_TimeCryses.framework */ = {isa = PBXFileReference; explicitFileType = wrapper.framework; includeInIndex = 0; path = Pods_TimeCryses.framework; sourceTree = BUILT_PRODUCTS_DIR; };
		210C68684CC01E81EE07FBEE /* Pods-TimeCryses.release.xcconfig */ = {isa = PBXFileReference; includeInIndex = 1; lastKnownFileType = text.xcconfig; name = "Pods-TimeCryses.release.xcconfig"; path = "Pods/Target Support Files/Pods-TimeCryses/Pods-TimeCryses.release.xcconfig"; sourceTree = "<group>"; };
		41594FA01906A40B2CF127EE /* Pods-TimeCryses.debug.xcconfig */ = {isa = PBXFileReference; includeInIndex = 1; lastKnownFileType = text.xcconfig; name = "Pods-TimeCryses.debug.xcconfig"; path = "Pods/Target Support Files/Pods-TimeCryses/Pods-TimeCryses.debug.xcconfig"; sourceTree = "<group>"; };
		CBB6B075B0C68376E96B1CA4 /* TCUserTableCell.m */ = {isa = PBXFileReference; fileEncoding = 4; lastKnownFileType = sourcecode.c.objc; path = TCUserTableCell.m; sourceTree = "<group>"; };
		CBB6B0C591D96BBA08A84C4B /* TCViewWithFileContentController.m */ = {isa = PBXFileReference; fileEncoding = 4; lastKnownFileType = sourcecode.c.objc; path = TCViewWithFileContentController.m; sourceTree = "<group>"; };
		CBB6B0E34DFE19F67E58277D /* TCMainMenuViewController.h */ = {isa = PBXFileReference; fileEncoding = 4; lastKnownFileType = sourcecode.c.h; path = TCMainMenuViewController.h; sourceTree = "<group>"; };
		CBB6B0E959F2D7EE9FB021CD /* TCAppDelegate.h */ = {isa = PBXFileReference; fileEncoding = 4; lastKnownFileType = sourcecode.c.h; path = TCAppDelegate.h; sourceTree = "<group>"; };
		CBB6B19BB4D5DC68724ED051 /* TCUserPageView.m */ = {isa = PBXFileReference; fileEncoding = 4; lastKnownFileType = sourcecode.c.objc; path = TCUserPageView.m; sourceTree = "<group>"; };
		CBB6B21876C26C0DC3C9C758 /* UIScrollView+scrollingEnabled.h */ = {isa = PBXFileReference; fileEncoding = 4; lastKnownFileType = sourcecode.c.h; path = "UIScrollView+scrollingEnabled.h"; sourceTree = "<group>"; };
		CBB6B22BFF1DC6EA68C255E3 /* TCDraggableView.m */ = {isa = PBXFileReference; fileEncoding = 4; lastKnownFileType = sourcecode.c.objc; path = TCDraggableView.m; sourceTree = "<group>"; };
		CBB6B239DE91F33042A29D27 /* TCImageView.m */ = {isa = PBXFileReference; fileEncoding = 4; lastKnownFileType = sourcecode.c.objc; path = TCImageView.m; sourceTree = "<group>"; };
		CBB6B28B5C9AEB32225FFFE1 /* TCUserInformationTableView.h */ = {isa = PBXFileReference; fileEncoding = 4; lastKnownFileType = sourcecode.c.h; path = TCUserInformationTableView.h; sourceTree = "<group>"; };
		CBB6B2A9B2FC07650DD42F3D /* TCButton.h */ = {isa = PBXFileReference; fileEncoding = 4; lastKnownFileType = sourcecode.c.h; path = TCButton.h; sourceTree = "<group>"; };
		CBB6B2CD69B57F4F1CCA0F87 /* TCUserPageView.h */ = {isa = PBXFileReference; fileEncoding = 4; lastKnownFileType = sourcecode.c.h; path = TCUserPageView.h; sourceTree = "<group>"; };
		CBB6B2F65B78EAC48F7EA25A /* TCUserInformatiobSelection.h */ = {isa = PBXFileReference; fileEncoding = 4; lastKnownFileType = sourcecode.c.h; path = TCUserInformatiobSelection.h; sourceTree = "<group>"; };
		CBB6B30F8973CF0863F1BCDD /* TCUserViewController.h */ = {isa = PBXFileReference; fileEncoding = 4; lastKnownFileType = sourcecode.c.h; path = TCUserViewController.h; sourceTree = "<group>"; };
		CBB6B3432F43CBB8D8F5796C /* TCUserTableCell.h */ = {isa = PBXFileReference; fileEncoding = 4; lastKnownFileType = sourcecode.c.h; path = TCUserTableCell.h; sourceTree = "<group>"; };
		CBB6B3BAEE201F9345706795 /* TCViewWithGistTable.m */ = {isa = PBXFileReference; fileEncoding = 4; lastKnownFileType = sourcecode.c.objc; path = TCViewWithGistTable.m; sourceTree = "<group>"; };
		CBB6B3C3522D4DBDB20D4CBE /* TCUserGistPreView.m */ = {isa = PBXFileReference; fileEncoding = 4; lastKnownFileType = sourcecode.c.objc; path = TCUserGistPreView.m; sourceTree = "<group>"; };
		CBB6B42B323CBEF678ACDE76 /* NSDate+TCDateString.m */ = {isa = PBXFileReference; fileEncoding = 4; lastKnownFileType = sourcecode.c.objc; path = "NSDate+TCDateString.m"; sourceTree = "<group>"; };
		CBB6B46975286E8D2511703A /* TCFile.m */ = {isa = PBXFileReference; fileEncoding = 4; lastKnownFileType = sourcecode.c.objc; path = TCFile.m; sourceTree = "<group>"; };
		CBB6B4C55096787CECD521FC /* NSObject+TCDoWith.m */ = {isa = PBXFileReference; fileEncoding = 4; lastKnownFileType = sourcecode.c.objc; path = "NSObject+TCDoWith.m"; sourceTree = "<group>"; };
		CBB6B5B694D9E6966D5AAA39 /* TCViewWithUserTable.h */ = {isa = PBXFileReference; fileEncoding = 4; lastKnownFileType = sourcecode.c.h; path = TCViewWithUserTable.h; sourceTree = "<group>"; };
		CBB6B5F19C1F67AF68DF7D0B /* NSDictionary+TCParseURL.h */ = {isa = PBXFileReference; fileEncoding = 4; lastKnownFileType = sourcecode.c.h; path = "NSDictionary+TCParseURL.h"; sourceTree = "<group>"; };
		CBB6B67B187FE711468D741B /* TCAuthenticationViewController.m */ = {isa = PBXFileReference; fileEncoding = 4; lastKnownFileType = sourcecode.c.objc; path = TCAuthenticationViewController.m; sourceTree = "<group>"; };
		CBB6B6CCA04B65CE3E2A2C35 /* NSDictionary+DictionaryWithoutNSNull.h */ = {isa = PBXFileReference; fileEncoding = 4; lastKnownFileType = sourcecode.c.h; path = "NSDictionary+DictionaryWithoutNSNull.h"; sourceTree = "<group>"; };
		CBB6B71917407EFD2D46811F /* TCViewWithFileContentController.h */ = {isa = PBXFileReference; fileEncoding = 4; lastKnownFileType = sourcecode.c.h; path = TCViewWithFileContentController.h; sourceTree = "<group>"; };
		CBB6B72A9EFE3266A39BD039 /* TCButton.m */ = {isa = PBXFileReference; fileEncoding = 4; lastKnownFileType = sourcecode.c.objc; path = TCButton.m; sourceTree = "<group>"; };
		CBB6B789E7E828389BC34298 /* TCGistSelected.h */ = {isa = PBXFileReference; fileEncoding = 4; lastKnownFileType = sourcecode.c.h; path = TCGistSelected.h; sourceTree = "<group>"; };
		CBB6B7C92FC737A2A41B559A /* UIView+TCTapAction.m */ = {isa = PBXFileReference; fileEncoding = 4; lastKnownFileType = sourcecode.c.objc; path = "UIView+TCTapAction.m"; sourceTree = "<group>"; };
		CBB6B7FAA0B624A32771421A /* TCGist.h */ = {isa = PBXFileReference; fileEncoding = 4; lastKnownFileType = sourcecode.c.h; path = TCGist.h; sourceTree = "<group>"; };
		CBB6B81BE60B6051D2AA505E /* TCTableWithGistFilesViewController.m */ = {isa = PBXFileReference; fileEncoding = 4; lastKnownFileType = sourcecode.c.objc; path = TCTableWithGistFilesViewController.m; sourceTree = "<group>"; };
		CBB6B8ADD582D3061688AC4A /* TCGistTableCell.m */ = {isa = PBXFileReference; fileEncoding = 4; lastKnownFileType = sourcecode.c.objc; path = TCGistTableCell.m; sourceTree = "<group>"; };
		CBB6B8C83113AB593D777529 /* TCMainMenuViewController.m */ = {isa = PBXFileReference; fileEncoding = 4; lastKnownFileType = sourcecode.c.objc; path = TCMainMenuViewController.m; sourceTree = "<group>"; };
		CBB6B9009B379A0E6F96D532 /* TCUser.h */ = {isa = PBXFileReference; fileEncoding = 4; lastKnownFileType = sourcecode.c.h; path = TCUser.h; sourceTree = "<group>"; };
		CBB6B9543522EAE02C4DAAD8 /* TCAppDelegate.m */ = {isa = PBXFileReference; fileEncoding = 4; lastKnownFileType = sourcecode.c.objc; path = TCAppDelegate.m; sourceTree = "<group>"; };
		CBB6B977EBDEC2B937A9B1A7 /* NSDictionary+DictionaryWithoutNSNull.m */ = {isa = PBXFileReference; fileEncoding = 4; lastKnownFileType = sourcecode.c.objc; path = "NSDictionary+DictionaryWithoutNSNull.m"; sourceTree = "<group>"; };
		CBB6B9A591662902E45CDF58 /* TCAuthenticationViewController.h */ = {isa = PBXFileReference; fileEncoding = 4; lastKnownFileType = sourcecode.c.h; path = TCAuthenticationViewController.h; sourceTree = "<group>"; };
		CBB6B9B6C9413301EF0079C1 /* TCViewWithGistFiles.m */ = {isa = PBXFileReference; fileEncoding = 4; lastKnownFileType = sourcecode.c.objc; path = TCViewWithGistFiles.m; sourceTree = "<group>"; };
		CBB6B9CA6575CE6E4874A8FB /* TCUser.m */ = {isa = PBXFileReference; fileEncoding = 4; lastKnownFileType = sourcecode.c.objc; path = TCUser.m; sourceTree = "<group>"; };
		CBB6B9D71828CEE45A9BE11F /* UIScrollView+scrollingEnabled.m */ = {isa = PBXFileReference; fileEncoding = 4; lastKnownFileType = sourcecode.c.objc; path = "UIScrollView+scrollingEnabled.m"; sourceTree = "<group>"; };
		CBB6BA0151A8451181B1FFAC /* TCTableViewController.h */ = {isa = PBXFileReference; fileEncoding = 4; lastKnownFileType = sourcecode.c.h; path = TCTableViewController.h; sourceTree = "<group>"; };
		CBB6BA092C334566CCFD00DA /* TCUserInformationTableView.m */ = {isa = PBXFileReference; fileEncoding = 4; lastKnownFileType = sourcecode.c.objc; path = TCUserInformationTableView.m; sourceTree = "<group>"; };
		CBB6BA23C6B95C61F61583CD /* TCViewWithGistFiles.h */ = {isa = PBXFileReference; fileEncoding = 4; lastKnownFileType = sourcecode.c.h; path = TCViewWithGistFiles.h; sourceTree = "<group>"; };
		CBB6BA544638784C2CEEA5DC /* TCTmpViewController.h */ = {isa = PBXFileReference; fileEncoding = 4; lastKnownFileType = sourcecode.c.h; path = TCTmpViewController.h; sourceTree = "<group>"; };
		CBB6BA9316B0EB7F9E656F40 /* UIView+TCTapAction.h */ = {isa = PBXFileReference; fileEncoding = 4; lastKnownFileType = sourcecode.c.h; path = "UIView+TCTapAction.h"; sourceTree = "<group>"; };
		CBB6BA95DD3A92D4600F2AA9 /* TCUserViewController.m */ = {isa = PBXFileReference; fileEncoding = 4; lastKnownFileType = sourcecode.c.objc; path = TCUserViewController.m; sourceTree = "<group>"; };
		CBB6BAAB89C4D43E5D7BDAC2 /* TCTableWithGistsViewController.h */ = {isa = PBXFileReference; fileEncoding = 4; lastKnownFileType = sourcecode.c.h; path = TCTableWithGistsViewController.h; sourceTree = "<group>"; };
		CBB6BB3B40EC5858851F0ABD /* TCTableViewController.m */ = {isa = PBXFileReference; fileEncoding = 4; lastKnownFileType = sourcecode.c.objc; path = TCTableViewController.m; sourceTree = "<group>"; };
		CBB6BB4CCD8600F61DFDC09B /* TCUserGistPreView.h */ = {isa = PBXFileReference; fileEncoding = 4; lastKnownFileType = sourcecode.c.h; path = TCUserGistPreView.h; sourceTree = "<group>"; };
		CBB6BB6AEF71B1B445B12608 /* TCImageView.h */ = {isa = PBXFileReference; fileEncoding = 4; lastKnownFileType = sourcecode.c.h; path = TCImageView.h; sourceTree = "<group>"; };
		CBB6BBE8FF03CBD5A44DA4C7 /* TCGistTableCell.h */ = {isa = PBXFileReference; fileEncoding = 4; lastKnownFileType = sourcecode.c.h; path = TCGistTableCell.h; sourceTree = "<group>"; };
		CBB6BC11336B4504AB7D2EE0 /* NSDictionary+TCParseURL.m */ = {isa = PBXFileReference; fileEncoding = 4; lastKnownFileType = sourcecode.c.objc; path = "NSDictionary+TCParseURL.m"; sourceTree = "<group>"; };
		CBB6BC25F855AA50735F1F89 /* TCTmpViewController.m */ = {isa = PBXFileReference; fileEncoding = 4; lastKnownFileType = sourcecode.c.objc; path = TCTmpViewController.m; sourceTree = "<group>"; };
		CBB6BC3B1AE55F48977FFE8C /* TCFile.h */ = {isa = PBXFileReference; fileEncoding = 4; lastKnownFileType = sourcecode.c.h; path = TCFile.h; sourceTree = "<group>"; };
		CBB6BCEB600E7DF87AD97A83 /* TCFileSelected.h */ = {isa = PBXFileReference; fileEncoding = 4; lastKnownFileType = sourcecode.c.h; path = TCFileSelected.h; sourceTree = "<group>"; };
		CBB6BD1404A8A06409D53F04 /* TCDraggableView.h */ = {isa = PBXFileReference; fileEncoding = 4; lastKnownFileType = sourcecode.c.h; path = TCDraggableView.h; sourceTree = "<group>"; };
		CBB6BDC0CFAE5D834D9D750F /* TCGist.m */ = {isa = PBXFileReference; fileEncoding = 4; lastKnownFileType = sourcecode.c.objc; path = TCGist.m; sourceTree = "<group>"; };
		CBB6BE03453E1ABC8BBBACDE /* NSDate+TCDateString.h */ = {isa = PBXFileReference; fileEncoding = 4; lastKnownFileType = sourcecode.c.h; path = "NSDate+TCDateString.h"; sourceTree = "<group>"; };
		CBB6BE117250D882F09B9815 /* TCTableWithGistsViewController.m */ = {isa = PBXFileReference; fileEncoding = 4; lastKnownFileType = sourcecode.c.objc; path = TCTableWithGistsViewController.m; sourceTree = "<group>"; };
		CBB6BE21560CA6A2FE0EEAEC /* TCViewWithGistTable.h */ = {isa = PBXFileReference; fileEncoding = 4; lastKnownFileType = sourcecode.c.h; path = TCViewWithGistTable.h; sourceTree = "<group>"; };
		CBB6BE3FD1A53918D6243680 /* TCTableWithGistFilesViewController.h */ = {isa = PBXFileReference; fileEncoding = 4; lastKnownFileType = sourcecode.c.h; path = TCTableWithGistFilesViewController.h; sourceTree = "<group>"; };
		CBB6BE93B3AE6DB1BC887AE4 /* NSObject+TCDoWith.h */ = {isa = PBXFileReference; fileEncoding = 4; lastKnownFileType = sourcecode.c.h; path = "NSObject+TCDoWith.h"; sourceTree = "<group>"; };
		CBB6BFB3C10B6BC0BC4D5F52 /* TCViewWithUserTable.m */ = {isa = PBXFileReference; fileEncoding = 4; lastKnownFileType = sourcecode.c.objc; path = TCViewWithUserTable.m; sourceTree = "<group>"; };
/* End PBXFileReference section */

/* Begin PBXFrameworksBuildPhase section */
		076931D51D18575000D24A35 /* Frameworks */ = {
			isa = PBXFrameworksBuildPhase;
			buildActionMask = 2147483647;
			files = (
				2DDE4B2888DC52D879CF9FC5 /* Pods_TimeCryses.framework in Frameworks */,
			);
			runOnlyForDeploymentPostprocessing = 0;
		};
/* End PBXFrameworksBuildPhase section */

/* Begin PBXGroup section */
		076931CD1D1856A200D24A35 = {
			isa = PBXGroup;
			children = (
				076931DA1D18575100D24A35 /* TimeCryses */,
				076931D91D18575000D24A35 /* Products */,
				CC1BBFB452037EF55978D64E /* Pods */,
				17691315698EA5B505D5491A /* Frameworks */,
			);
			sourceTree = "<group>";
			usesTabs = 1;
		};
		076931D91D18575000D24A35 /* Products */ = {
			isa = PBXGroup;
			children = (
				076931D81D18575000D24A35 /* TimeCryses.app */,
			);
			name = Products;
			sourceTree = "<group>";
		};
		076931DA1D18575100D24A35 /* TimeCryses */ = {
			isa = PBXGroup;
			children = (
				076931E71D18575100D24A35 /* Assets.xcassets */,
				076931E91D18575100D24A35 /* LaunchScreen.storyboard */,
				076931EC1D18575100D24A35 /* Info.plist */,
				076931DB1D18575100D24A35 /* Supporting Files */,
				CBB6B9543522EAE02C4DAAD8 /* TCAppDelegate.m */,
				CBB6B0E959F2D7EE9FB021CD /* TCAppDelegate.h */,
				CBB6BD9C22BAECE8B460E5DB /* Categories */,
				CBB6BFC254A153DC091E4745 /* Screens */,
				CBB6BA33B2F9D497B453AD5C /* CusstomClasses */,
			);
			path = TimeCryses;
			sourceTree = "<group>";
		};
		076931DB1D18575100D24A35 /* Supporting Files */ = {
			isa = PBXGroup;
			children = (
				076931DC1D18575100D24A35 /* main.m */,
			);
			name = "Supporting Files";
			sourceTree = "<group>";
		};
		17691315698EA5B505D5491A /* Frameworks */ = {
			isa = PBXGroup;
			children = (
				1A8E76B3B9EFBF73A484C8C4 /* Pods_TimeCryses.framework */,
			);
			name = Frameworks;
			sourceTree = "<group>";
		};
		CBB6B303D2908F0AF6DA098C /* UserPage */ = {
			isa = PBXGroup;
			children = (
			);
			path = UserPage;
			sourceTree = "<group>";
		};
		CBB6B35E6BEBCB5CFEF0D680 /* MainMenu */ = {
			isa = PBXGroup;
			children = (
				CBB6B8C83113AB593D777529 /* TCMainMenuViewController.m */,
				CBB6B0E34DFE19F67E58277D /* TCMainMenuViewController.h */,
			);
			path = MainMenu;
			sourceTree = "<group>";
		};
		CBB6B454F6CC46ED05BD4BD2 /* UserScreen */ = {
			isa = PBXGroup;
			children = (
				CBB6B30F8973CF0863F1BCDD /* TCUserViewController.h */,
				CBB6BA95DD3A92D4600F2AA9 /* TCUserViewController.m */,
				CBB6B19BB4D5DC68724ED051 /* TCUserPageView.m */,
				CBB6B2CD69B57F4F1CCA0F87 /* TCUserPageView.h */,
				CBB6BA092C334566CCFD00DA /* TCUserInformationTableView.m */,
				CBB6B28B5C9AEB32225FFFE1 /* TCUserInformationTableView.h */,
				CBB6BC25F855AA50735F1F89 /* TCTmpViewController.m */,
				CBB6BA544638784C2CEEA5DC /* TCTmpViewController.h */,
				CBB6B3C3522D4DBDB20D4CBE /* TCUserGistPreView.m */,
				CBB6BB4CCD8600F61DFDC09B /* TCUserGistPreView.h */,
				CBB6B2F65B78EAC48F7EA25A /* TCUserInformatiobSelection.h */,
			);
			path = UserScreen;
			sourceTree = "<group>";
		};
		CBB6B61BFA1A84D2AD8BCB71 /* ShowFiles */ = {
			isa = PBXGroup;
			children = (
				CBB6BE3FD1A53918D6243680 /* TCTableWithGistFilesViewController.h */,
				CBB6B81BE60B6051D2AA505E /* TCTableWithGistFilesViewController.m */,
				CBB6BCEB600E7DF87AD97A83 /* TCFileSelected.h */,
				CBB6B9B6C9413301EF0079C1 /* TCViewWithGistFiles.m */,
				CBB6BA23C6B95C61F61583CD /* TCViewWithGistFiles.h */,
			);
			path = ShowFiles;
			sourceTree = "<group>";
		};
		CBB6B77E251AA016C710764E /* ShowGists */ = {
			isa = PBXGroup;
			children = (
				CBB6B789E7E828389BC34298 /* TCGistSelected.h */,
				CBB6B8ADD582D3061688AC4A /* TCGistTableCell.m */,
				CBB6BBE8FF03CBD5A44DA4C7 /* TCGistTableCell.h */,
				CBB6BAAB89C4D43E5D7BDAC2 /* TCTableWithGistsViewController.h */,
				CBB6BE117250D882F09B9815 /* TCTableWithGistsViewController.m */,
				CBB6BE21560CA6A2FE0EEAEC /* TCViewWithGistTable.h */,
				CBB6B3BAEE201F9345706795 /* TCViewWithGistTable.m */,
			);
			path = ShowGists;
			sourceTree = "<group>";
		};
		CBB6B8809CF4E6B9A26DF022 /* Auhentication */ = {
			isa = PBXGroup;
			children = (
			);
			name = Auhentication;
			path = TimeCryses/Auhentication;
			sourceTree = SOURCE_ROOT;
		};
		CBB6B8F9872915B71537E76A /* Authentication */ = {
			isa = PBXGroup;
			children = (
				CBB6B67B187FE711468D741B /* TCAuthenticationViewController.m */,
				CBB6B9A591662902E45CDF58 /* TCAuthenticationViewController.h */,
			);
			path = Authentication;
			sourceTree = "<group>";
		};
		CBB6BA33B2F9D497B453AD5C /* CusstomClasses */ = {
			isa = PBXGroup;
			children = (
				CBB6B2A9B2FC07650DD42F3D /* TCButton.h */,
				CBB6BC3B1AE55F48977FFE8C /* TCFile.h */,
				CBB6BD1404A8A06409D53F04 /* TCDraggableView.h */,
				CBB6B72A9EFE3266A39BD039 /* TCButton.m */,
				CBB6B22BFF1DC6EA68C255E3 /* TCDraggableView.m */,
				CBB6B46975286E8D2511703A /* TCFile.m */,
				CBB6BDC0CFAE5D834D9D750F /* TCGist.m */,
				CBB6B7FAA0B624A32771421A /* TCGist.h */,
				CBB6B9CA6575CE6E4874A8FB /* TCUser.m */,
				CBB6B9009B379A0E6F96D532 /* TCUser.h */,
				CBB6B239DE91F33042A29D27 /* TCImageView.m */,
				CBB6BB6AEF71B1B445B12608 /* TCImageView.h */,
			);
			path = CusstomClasses;
			sourceTree = "<group>";
		};
		CBB6BBE2C3F1750218E04066 /* ShowRecentGists */ = {
			isa = PBXGroup;
			children = (
			);
			name = ShowRecentGists;
			path = TimeCryses/ShowRecentGists;
			sourceTree = SOURCE_ROOT;
		};
		CBB6BD9C22BAECE8B460E5DB /* Categories */ = {
			isa = PBXGroup;
			children = (
				CBB6B977EBDEC2B937A9B1A7 /* NSDictionary+DictionaryWithoutNSNull.m */,
				CBB6B6CCA04B65CE3E2A2C35 /* NSDictionary+DictionaryWithoutNSNull.h */,
				CBB6BC11336B4504AB7D2EE0 /* NSDictionary+TCParseURL.m */,
				CBB6B5F19C1F67AF68DF7D0B /* NSDictionary+TCParseURL.h */,
				CBB6B42B323CBEF678ACDE76 /* NSDate+TCDateString.m */,
				CBB6BE03453E1ABC8BBBACDE /* NSDate+TCDateString.h */,
				CBB6BE93B3AE6DB1BC887AE4 /* NSObject+TCDoWith.h */,
				CBB6B4C55096787CECD521FC /* NSObject+TCDoWith.m */,
				CBB6B8809CF4E6B9A26DF022 /* Auhentication */,
				CBB6BA9316B0EB7F9E656F40 /* UIView+TCTapAction.h */,
				CBB6B7C92FC737A2A41B559A /* UIView+TCTapAction.m */,
				CBB6B9D71828CEE45A9BE11F /* UIScrollView+scrollingEnabled.m */,
				CBB6B21876C26C0DC3C9C758 /* UIScrollView+scrollingEnabled.h */,
			);
			path = Categories;
			sourceTree = "<group>";
		};
		CBB6BE22F3A7A646A7D3FAA6 /* ShowFileContent */ = {
			isa = PBXGroup;
			children = (
				CBB6B0C591D96BBA08A84C4B /* TCViewWithFileContentController.m */,
				CBB6B71917407EFD2D46811F /* TCViewWithFileContentController.h */,
			);
			path = ShowFileContent;
			sourceTree = "<group>";
		};
		CBB6BF493CC0EEC4893A3896 /* Users */ = {
			isa = PBXGroup;
			children = (
				CBB6BB3B40EC5858851F0ABD /* TCTableViewController.m */,
				CBB6BA0151A8451181B1FFAC /* TCTableViewController.h */,
				CBB6B3432F43CBB8D8F5796C /* TCUserTableCell.h */,
				CBB6B075B0C68376E96B1CA4 /* TCUserTableCell.m */,
				CBB6BFB3C10B6BC0BC4D5F52 /* TCViewWithUserTable.m */,
				CBB6B5B694D9E6966D5AAA39 /* TCViewWithUserTable.h */,
			);
			path = Users;
			sourceTree = "<group>";
		};
		CBB6BFC254A153DC091E4745 /* Screens */ = {
			isa = PBXGroup;
			children = (
				CBB6BBE2C3F1750218E04066 /* ShowRecentGists */,
				CBB6B8F9872915B71537E76A /* Authentication */,
				CBB6B77E251AA016C710764E /* ShowGists */,
				CBB6B35E6BEBCB5CFEF0D680 /* MainMenu */,
				CBB6B61BFA1A84D2AD8BCB71 /* ShowFiles */,
				CBB6BF493CC0EEC4893A3896 /* Users */,
				CBB6BE22F3A7A646A7D3FAA6 /* ShowFileContent */,
				CBB6B303D2908F0AF6DA098C /* UserPage */,
				CBB6B454F6CC46ED05BD4BD2 /* UserScreen */,
			);
			path = Screens;
			sourceTree = "<group>";
		};
		CC1BBFB452037EF55978D64E /* Pods */ = {
			isa = PBXGroup;
			children = (
				41594FA01906A40B2CF127EE /* Pods-TimeCryses.debug.xcconfig */,
				210C68684CC01E81EE07FBEE /* Pods-TimeCryses.release.xcconfig */,
			);
			name = Pods;
			sourceTree = "<group>";
		};
/* End PBXGroup section */

/* Begin PBXNativeTarget section */
		076931D71D18575000D24A35 /* TimeCryses */ = {
			isa = PBXNativeTarget;
			buildConfigurationList = 076931ED1D18575100D24A35 /* Build configuration list for PBXNativeTarget "TimeCryses" */;
			buildPhases = (
				F0BDA8051A15D0BA04DAA525 /* uD83DuDCE6 Check Pods Manifest.lock */,
				4B8F921EFCD36F4F3A894FEA /* uD83DuDCE6 Check Pods Manifest.lock */,
				076931D41D18575000D24A35 /* Sources */,
				076931D51D18575000D24A35 /* Frameworks */,
				076931D61D18575000D24A35 /* Resources */,
				FACF5BEF63EC3E20A779260C /* uD83DuDCE6 Embed Pods Frameworks */,
				37A7DD51658E7C73C3BA22EC /* uD83DuDCE6 Copy Pods Resources */,
				E19ADB689FC2727786AC22FA /* uD83DuDCE6 Embed Pods Frameworks */,
				143BDF55C8ACA1E4524DB006 /* uD83DuDCE6 Copy Pods Resources */,
			);
			buildRules = (
			);
			dependencies = (
			);
			name = TimeCryses;
			productName = TimeCryses;
			productReference = 076931D81D18575000D24A35 /* TimeCryses.app */;
			productType = "com.apple.product-type.application";
		};
/* End PBXNativeTarget section */

/* Begin PBXProject section */
		076931CE1D1856A200D24A35 /* Project object */ = {
			isa = PBXProject;
			attributes = {
				LastUpgradeCheck = 0730;
				TargetAttributes = {
					076931D71D18575000D24A35 = {
						CreatedOnToolsVersion = 7.3.1;
					};
				};
			};
			buildConfigurationList = 076931D11D1856A200D24A35 /* Build configuration list for PBXProject "TimeCryses" */;
			compatibilityVersion = "Xcode 3.2";
			developmentRegion = English;
			hasScannedForEncodings = 0;
			knownRegions = (
				en,
				Base,
			);
			mainGroup = 076931CD1D1856A200D24A35;
			productRefGroup = 076931D91D18575000D24A35 /* Products */;
			projectDirPath = "";
			projectRoot = "";
			targets = (
				076931D71D18575000D24A35 /* TimeCryses */,
			);
		};
/* End PBXProject section */

/* Begin PBXResourcesBuildPhase section */
		076931D61D18575000D24A35 /* Resources */ = {
			isa = PBXResourcesBuildPhase;
			buildActionMask = 2147483647;
			files = (
				076931EB1D18575100D24A35 /* LaunchScreen.storyboard in Resources */,
				076931E81D18575100D24A35 /* Assets.xcassets in Resources */,
			);
			runOnlyForDeploymentPostprocessing = 0;
		};
/* End PBXResourcesBuildPhase section */

/* Begin PBXShellScriptBuildPhase section */
		143BDF55C8ACA1E4524DB006 /* uD83DuDCE6 Copy Pods Resources */ = {
			isa = PBXShellScriptBuildPhase;
			buildActionMask = 2147483647;
			files = (
			);
			inputPaths = (
			);
			name = "uD83DuDCE6 Copy Pods Resources";
			outputPaths = (
			);
			runOnlyForDeploymentPostprocessing = 0;
			shellPath = /bin/sh;
			shellScript = "\"${SRCROOT}/Pods/Target Support Files/Pods-TimeCryses/Pods-TimeCryses-resources.sh\"\n";
			showEnvVarsInLog = 0;
		};
		37A7DD51658E7C73C3BA22EC /* uD83DuDCE6 Copy Pods Resources */ = {
			isa = PBXShellScriptBuildPhase;
			buildActionMask = 2147483647;
			files = (
			);
			inputPaths = (
			);
			name = "uD83DuDCE6 Copy Pods Resources";
			outputPaths = (
			);
			runOnlyForDeploymentPostprocessing = 0;
			shellPath = /bin/sh;
			shellScript = "\"${SRCROOT}/Pods/Target Support Files/Pods-TimeCryses/Pods-TimeCryses-resources.sh\"\n";
			showEnvVarsInLog = 0;
		};
		4B8F921EFCD36F4F3A894FEA /* uD83DuDCE6 Check Pods Manifest.lock */ = {
			isa = PBXShellScriptBuildPhase;
			buildActionMask = 2147483647;
			files = (
			);
			inputPaths = (
			);
			name = "uD83DuDCE6 Check Pods Manifest.lock";
			outputPaths = (
			);
			runOnlyForDeploymentPostprocessing = 0;
			shellPath = /bin/sh;
			shellScript = "diff \"${PODS_ROOT}/../Podfile.lock\" \"${PODS_ROOT}/Manifest.lock\" > /dev/null\nif [[ $? != 0 ]] ; then\n    cat << EOM\nerror: The sandbox is not in sync with the Podfile.lock. Run 'pod install' or update your CocoaPods installation.\nEOM\n    exit 1\nfi\n";
			showEnvVarsInLog = 0;
		};
		E19ADB689FC2727786AC22FA /* uD83DuDCE6 Embed Pods Frameworks */ = {
			isa = PBXShellScriptBuildPhase;
			buildActionMask = 2147483647;
			files = (
			);
			inputPaths = (
			);
			name = "uD83DuDCE6 Embed Pods Frameworks";
			outputPaths = (
			);
			runOnlyForDeploymentPostprocessing = 0;
			shellPath = /bin/sh;
			shellScript = "\"${SRCROOT}/Pods/Target Support Files/Pods-TimeCryses/Pods-TimeCryses-frameworks.sh\"\n";
			showEnvVarsInLog = 0;
		};
		F0BDA8051A15D0BA04DAA525 /* uD83DuDCE6 Check Pods Manifest.lock */ = {
			isa = PBXShellScriptBuildPhase;
			buildActionMask = 2147483647;
			files = (
			);
			inputPaths = (
			);
			name = "uD83DuDCE6 Check Pods Manifest.lock";
			outputPaths = (
			);
			runOnlyForDeploymentPostprocessing = 0;
			shellPath = /bin/sh;
			shellScript = "diff \"${PODS_ROOT}/../Podfile.lock\" \"${PODS_ROOT}/Manifest.lock\" > /dev/null\nif [[ $? != 0 ]] ; then\n    cat << EOM\nerror: The sandbox is not in sync with the Podfile.lock. Run 'pod install' or update your CocoaPods installation.\nEOM\n    exit 1\nfi\n";
			showEnvVarsInLog = 0;
		};
		FACF5BEF63EC3E20A779260C /* uD83DuDCE6 Embed Pods Frameworks */ = {
			isa = PBXShellScriptBuildPhase;
			buildActionMask = 2147483647;
			files = (
			);
			inputPaths = (
			);
			name = "uD83DuDCE6 Embed Pods Frameworks";
			outputPaths = (
			);
			runOnlyForDeploymentPostprocessing = 0;
			shellPath = /bin/sh;
			shellScript = "\"${SRCROOT}/Pods/Target Support Files/Pods-TimeCryses/Pods-TimeCryses-frameworks.sh\"\n";
			showEnvVarsInLog = 0;
		};
/* End PBXShellScriptBuildPhase section */

/* Begin PBXSourcesBuildPhase section */
		076931D41D18575000D24A35 /* Sources */ = {
			isa = PBXSourcesBuildPhase;
			buildActionMask = 2147483647;
			files = (
				076931DD1D18575100D24A35 /* main.m in Sources */,
				CBB6B9ECA36D7E6211EF617A /* TCAppDelegate.m in Sources */,
				CBB6B9818E3129EEB9D579D9 /* NSDictionary+DictionaryWithoutNSNull.m in Sources */,
				CBB6B620E252C3EECFBE91FB /* NSDictionary+TCParseURL.m in Sources */,
				CBB6BCAC55C7579721BDD52B /* NSDate+TCDateString.m in Sources */,
				CBB6B367FA350EAE10D68178 /* NSObject+TCDoWith.m in Sources */,
				CBB6B7002A612F069F915FFF /* TCAuthenticationViewController.m in Sources */,
				CBB6BD65B66C60EECC24F0E8 /* TCGistTableCell.m in Sources */,
				CBB6B7A29F6A66C7792D124F /* TCButton.m in Sources */,
				CBB6B2ACA6DB6DFDC63CBF1E /* TCDraggableView.m in Sources */,
				CBB6B9D1C1036D145F13CF19 /* TCFile.m in Sources */,
				CBB6B54694B1C5D57D931EAB /* TCGist.m in Sources */,
				CBB6B2902376C2F33C201454 /* TCMainMenuViewController.m in Sources */,
				CBB6B1EF4E8B9FB1890474E5 /* TCTableWithGistFilesViewController.m in Sources */,
				CBB6B8FF2196B2DAD823A55D /* TCUser.m in Sources */,
				CBB6B155DF4BFDD461116923 /* TCTableViewController.m in Sources */,
				CBB6BAA698AC633240D18106 /* TCTableWithGistsViewController.m in Sources */,
				CBB6B9A45FC33DCFC433EE6A /* TCUserTableCell.m in Sources */,
				CBB6B85A6858FCEA75862418 /* TCViewWithFileContentController.m in Sources */,
				CBB6BCF70C1233CB7C328A93 /* TCViewWithGistFiles.m in Sources */,
				CBB6BF816EC4C5A89B392D9E /* TCViewWithGistTable.m in Sources */,
				CBB6BFEAD604AEF92F699E44 /* TCViewWithUserTable.m in Sources */,
				CBB6B7F4382CBC5A2E90C504 /* UIView+TCTapAction.m in Sources */,
				CBB6B58A40DFFBCBA951B2DC /* TCImageView.m in Sources */,
				CBB6B3BE3710A77A824373E1 /* TCUserViewController.m in Sources */,
				CBB6B2140DF23A4544CEE2AF /* TCUserPageView.m in Sources */,
				CBB6B2D9B8D119A1465107D8 /* TCUserInformationTableView.m in Sources */,
				CBB6BCF31FA41570AB7F6F30 /* TCTmpViewController.m in Sources */,
				CBB6B73BA3428617A101D93B /* TCUserGistPreView.m in Sources */,
				CBB6BBF9347A545089FB250C /* UIScrollView+scrollingEnabled.m in Sources */,
			);
			runOnlyForDeploymentPostprocessing = 0;
		};
/* End PBXSourcesBuildPhase section */

/* Begin PBXVariantGroup section */
		076931E91D18575100D24A35 /* LaunchScreen.storyboard */ = {
			isa = PBXVariantGroup;
			children = (
				076931EA1D18575100D24A35 /* Base */,
			);
			name = LaunchScreen.storyboard;
			sourceTree = "<group>";
		};
/* End PBXVariantGroup section */

/* Begin XCBuildConfiguration section */
		076931D21D1856A200D24A35 /* Debug */ = {
			isa = XCBuildConfiguration;
			buildSettings = {
			};
			name = Debug;
		};
		076931D31D1856A200D24A35 /* Release */ = {
			isa = XCBuildConfiguration;
			buildSettings = {
			};
			name = Release;
		};
		076931EE1D18575100D24A35 /* Debug */ = {
			isa = XCBuildConfiguration;
			baseConfigurationReference = 41594FA01906A40B2CF127EE /* Pods-TimeCryses.debug.xcconfig */;
			buildSettings = {
				ALWAYS_SEARCH_USER_PATHS = NO;
				ASSETCATALOG_COMPILER_APPICON_NAME = AppIcon;
				CLANG_ANALYZER_NONNULL = YES;
				CLANG_CXX_LANGUAGE_STANDARD = "gnu++0x";
				CLANG_CXX_LIBRARY = "libc++";
				CLANG_ENABLE_MODULES = YES;
				CLANG_ENABLE_OBJC_ARC = YES;
				CLANG_WARN_BOOL_CONVERSION = YES;
				CLANG_WARN_CONSTANT_CONVERSION = YES;
				CLANG_WARN_DIRECT_OBJC_ISA_USAGE = YES_ERROR;
				CLANG_WARN_EMPTY_BODY = YES;
				CLANG_WARN_ENUM_CONVERSION = YES;
				CLANG_WARN_INT_CONVERSION = YES;
				CLANG_WARN_OBJC_ROOT_CLASS = YES_ERROR;
				CLANG_WARN_UNREACHABLE_CODE = YES;
				CLANG_WARN__DUPLICATE_METHOD_MATCH = YES;
				"CODE_SIGN_IDENTITY[sdk=iphoneos*]" = "iPhone Developer";
				COPY_PHASE_STRIP = NO;
				DEBUG_INFORMATION_FORMAT = dwarf;
				ENABLE_STRICT_OBJC_MSGSEND = YES;
				ENABLE_TESTABILITY = YES;
				GCC_C_LANGUAGE_STANDARD = gnu99;
				GCC_DYNAMIC_NO_PIC = NO;
				GCC_NO_COMMON_BLOCKS = YES;
				GCC_OPTIMIZATION_LEVEL = 0;
				GCC_PREPROCESSOR_DEFINITIONS = (
					"DEBUG=1",
					"$(inherited)",
				);
				GCC_WARN_64_TO_32_BIT_CONVERSION = YES;
				GCC_WARN_ABOUT_RETURN_TYPE = YES_ERROR;
				GCC_WARN_UNDECLARED_SELECTOR = YES;
				GCC_WARN_UNINITIALIZED_AUTOS = YES_AGGRESSIVE;
				GCC_WARN_UNUSED_FUNCTION = YES;
				GCC_WARN_UNUSED_VARIABLE = YES;
				INFOPLIST_FILE = TimeCryses/Info.plist;
				IPHONEOS_DEPLOYMENT_TARGET = 9.3;
				LD_RUNPATH_SEARCH_PATHS = "$(inherited) @executable_path/Frameworks";
				MTL_ENABLE_DEBUG_INFO = YES;
				ONLY_ACTIVE_ARCH = YES;
				PRODUCT_BUNDLE_IDENTIFIER = terana.TimeCryses;
				PRODUCT_NAME = TimeCryses;
				SDKROOT = iphoneos;
				TARGETED_DEVICE_FAMILY = "1,2";
			};
			name = Debug;
		};
		076931EF1D18575100D24A35 /* Release */ = {
			isa = XCBuildConfiguration;
			baseConfigurationReference = 210C68684CC01E81EE07FBEE /* Pods-TimeCryses.release.xcconfig */;
			buildSettings = {
				ALWAYS_SEARCH_USER_PATHS = NO;
				ASSETCATALOG_COMPILER_APPICON_NAME = AppIcon;
				CLANG_ANALYZER_NONNULL = YES;
				CLANG_CXX_LANGUAGE_STANDARD = "gnu++0x";
				CLANG_CXX_LIBRARY = "libc++";
				CLANG_ENABLE_MODULES = YES;
				CLANG_ENABLE_OBJC_ARC = YES;
				CLANG_WARN_BOOL_CONVERSION = YES;
				CLANG_WARN_CONSTANT_CONVERSION = YES;
				CLANG_WARN_DIRECT_OBJC_ISA_USAGE = YES_ERROR;
				CLANG_WARN_EMPTY_BODY = YES;
				CLANG_WARN_ENUM_CONVERSION = YES;
				CLANG_WARN_INT_CONVERSION = YES;
				CLANG_WARN_OBJC_ROOT_CLASS = YES_ERROR;
				CLANG_WARN_UNREACHABLE_CODE = YES;
				CLANG_WARN__DUPLICATE_METHOD_MATCH = YES;
				"CODE_SIGN_IDENTITY[sdk=iphoneos*]" = "iPhone Developer";
				COPY_PHASE_STRIP = NO;
				DEBUG_INFORMATION_FORMAT = "dwarf-with-dsym";
				ENABLE_NS_ASSERTIONS = NO;
				ENABLE_STRICT_OBJC_MSGSEND = YES;
				GCC_C_LANGUAGE_STANDARD = gnu99;
				GCC_NO_COMMON_BLOCKS = YES;
				GCC_WARN_64_TO_32_BIT_CONVERSION = YES;
				GCC_WARN_ABOUT_RETURN_TYPE = YES_ERROR;
				GCC_WARN_UNDECLARED_SELECTOR = YES;
				GCC_WARN_UNINITIALIZED_AUTOS = YES_AGGRESSIVE;
				GCC_WARN_UNUSED_FUNCTION = YES;
				GCC_WARN_UNUSED_VARIABLE = YES;
				INFOPLIST_FILE = TimeCryses/Info.plist;
				IPHONEOS_DEPLOYMENT_TARGET = 9.3;
				LD_RUNPATH_SEARCH_PATHS = "$(inherited) @executable_path/Frameworks";
				MTL_ENABLE_DEBUG_INFO = NO;
				PRODUCT_BUNDLE_IDENTIFIER = terana.TimeCryses;
				PRODUCT_NAME = TimeCryses;
				SDKROOT = iphoneos;
				TARGETED_DEVICE_FAMILY = "1,2";
				VALIDATE_PRODUCT = YES;
			};
			name = Release;
		};
/* End XCBuildConfiguration section */

/* Begin XCConfigurationList section */
		076931D11D1856A200D24A35 /* Build configuration list for PBXProject "TimeCryses" */ = {
			isa = XCConfigurationList;
			buildConfigurations = (
				076931D21D1856A200D24A35 /* Debug */,
				076931D31D1856A200D24A35 /* Release */,
			);
			defaultConfigurationIsVisible = 0;
			defaultConfigurationName = Release;
		};
		076931ED1D18575100D24A35 /* Build configuration list for PBXNativeTarget "TimeCryses" */ = {
			isa = XCConfigurationList;
			buildConfigurations = (
				076931EE1D18575100D24A35 /* Debug */,
				076931EF1D18575100D24A35 /* Release */,
			);
			defaultConfigurationIsVisible = 0;
			defaultConfigurationName = Release;
		};
/* End XCConfigurationList section */
	};
	rootObject = 076931CE1D1856A200D24A35 /* Project object */;
}
